
Microsoft Visual Studio Solution File, Format Version 12.00
# Visual Studio 15
VisualStudioVersion = 15.0.26430.14
MinimumVisualStudioVersion = 10.0.40219.1
Project("{8BC9CEB8-8B4A-11D0-8D11-00A0C91BC942}") = "exam1", "exam1\exam1.vcxproj", "{43E1A0C1-5546-4276-B682-8AF1384DB768}"
EndProject
Project("{8BC9CEB8-8B4A-11D0-8D11-00A0C91BC942}") = "exam2", "exam2\exam2.vcxproj", "{4DA4EA6B-7BEB-48F1-BBF7-6AD656EF34F9}"
EndProject
Project("{8BC9CEB8-8B4A-11D0-8D11-00A0C91BC942}") = "exam3", "exam3\exam3.vcxproj", "{BE3AB8C9-067E-46C4-933B-B5D0AFF3FD43}"
EndProject
Project("{8BC9CEB8-8B4A-11D0-8D11-00A0C91BC942}") = "exam4", "exam4\exam4.vcxproj", "{34A0115E-5C3C-4933-B531-1CDC1A7B8BA0}"
EndProject
Project("{8BC9CEB8-8B4A-11D0-8D11-00A0C91BC942}") = "exam5", "exam5\exam5.vcxproj", "{6A950FC6-D5BB-458A-AB03-5406BC5694F3}"
EndProject
Project("{8BC9CEB8-8B4A-11D0-8D11-00A0C91BC942}") = "exam6", "exam6\exam6.vcxproj", "{274B20A9-F6A1-4CC0-8E74-8373EB2539C7}"
EndProject
Project("{8BC9CEB8-8B4A-11D0-8D11-00A0C91BC942}") = "exam7", "exam7\exam7.vcxproj", "{7CDA34F1-7E46-4B2D-8679-9BA7BED3DBF1}"
EndProject
Project("{8BC9CEB8-8B4A-11D0-8D11-00A0C91BC942}") = "exam8", "exam8\exam8.vcxproj", "{364CFE9D-F133-4568-BC4B-A4502ABE1C10}"
EndProject
Project("{8BC9CEB8-8B4A-11D0-8D11-00A0C91BC942}") = "exam9", "exam9\exam9.vcxproj", "{E8737CA5-EFC8-4AE9-B8AD-F17B47E70E53}"
EndProject
Project("{8BC9CEB8-8B4A-11D0-8D11-00A0C91BC942}") = "exam10", "exam10\exam10.vcxproj", "{FB66A07C-E06A-4545-91D3-28674436A51E}"
EndProject
Project("{8BC9CEB8-8B4A-11D0-8D11-00A0C91BC942}") = "exam11", "exam11\exam11.vcxproj", "{30B1587A-F5D5-42B1-8E53-D2BCD81E975F}"
EndProject
Project("{8BC9CEB8-8B4A-11D0-8D11-00A0C91BC942}") = "exam12", "exam12\exam12.vcxproj", "{BB65645C-8201-49A1-8053-0232A3E54FEC}"
EndProject
Project("{8BC9CEB8-8B4A-11D0-8D11-00A0C91BC942}") = "exam13", "exam13\exam13.vcxproj", "{F8788C37-B3B4-4B48-B67C-88687810A9E0}"
EndProject
Global
	GlobalSection(SolutionConfigurationPlatforms) = preSolution
		Debug|x64 = Debug|x64
		Debug|x86 = Debug|x86
		Release|x64 = Release|x64
		Release|x86 = Release|x86
	EndGlobalSection
	GlobalSection(ProjectConfigurationPlatforms) = postSolution
		{43E1A0C1-5546-4276-B682-8AF1384DB768}.Debug|x64.ActiveCfg = Debug|x64
		{43E1A0C1-5546-4276-B682-8AF1384DB768}.Debug|x64.Build.0 = Debug|x64
		{43E1A0C1-5546-4276-B682-8AF1384DB768}.Debug|x86.ActiveCfg = Debug|Win32
		{43E1A0C1-5546-4276-B682-8AF1384DB768}.Debug|x86.Build.0 = Debug|Win32
		{43E1A0C1-5546-4276-B682-8AF1384DB768}.Release|x64.ActiveCfg = Release|x64
		{43E1A0C1-5546-4276-B682-8AF1384DB768}.Release|x64.Build.0 = Release|x64
		{43E1A0C1-5546-4276-B682-8AF1384DB768}.Release|x86.ActiveCfg = Release|Win32
		{43E1A0C1-5546-4276-B682-8AF1384DB768}.Release|x86.Build.0 = Release|Win32
		{4DA4EA6B-7BEB-48F1-BBF7-6AD656EF34F9}.Debug|x64.ActiveCfg = Debug|x64
		{4DA4EA6B-7BEB-48F1-BBF7-6AD656EF34F9}.Debug|x64.Build.0 = Debug|x64
		{4DA4EA6B-7BEB-48F1-BBF7-6AD656EF34F9}.Debug|x86.ActiveCfg = Debug|Win32
		{4DA4EA6B-7BEB-48F1-BBF7-6AD656EF34F9}.Debug|x86.Build.0 = Debug|Win32
		{4DA4EA6B-7BEB-48F1-BBF7-6AD656EF34F9}.Release|x64.ActiveCfg = Release|x64
		{4DA4EA6B-7BEB-48F1-BBF7-6AD656EF34F9}.Release|x64.Build.0 = Release|x64
		{4DA4EA6B-7BEB-48F1-BBF7-6AD656EF34F9}.Release|x86.ActiveCfg = Release|Win32
		{4DA4EA6B-7BEB-48F1-BBF7-6AD656EF34F9}.Release|x86.Build.0 = Release|Win32
		{BE3AB8C9-067E-46C4-933B-B5D0AFF3FD43}.Debug|x64.ActiveCfg = Debug|x64
		{BE3AB8C9-067E-46C4-933B-B5D0AFF3FD43}.Debug|x64.Build.0 = Debug|x64
		{BE3AB8C9-067E-46C4-933B-B5D0AFF3FD43}.Debug|x86.ActiveCfg = Debug|Win32
		{BE3AB8C9-067E-46C4-933B-B5D0AFF3FD43}.Debug|x86.Build.0 = Debug|Win32
		{BE3AB8C9-067E-46C4-933B-B5D0AFF3FD43}.Release|x64.ActiveCfg = Release|x64
		{BE3AB8C9-067E-46C4-933B-B5D0AFF3FD43}.Release|x64.Build.0 = Release|x64
		{BE3AB8C9-067E-46C4-933B-B5D0AFF3FD43}.Release|x86.ActiveCfg = Release|Win32
		{BE3AB8C9-067E-46C4-933B-B5D0AFF3FD43}.Release|x86.Build.0 = Release|Win32
		{34A0115E-5C3C-4933-B531-1CDC1A7B8BA0}.Debug|x64.ActiveCfg = Debug|x64
		{34A0115E-5C3C-4933-B531-1CDC1A7B8BA0}.Debug|x64.Build.0 = Debug|x64
		{34A0115E-5C3C-4933-B531-1CDC1A7B8BA0}.Debug|x86.ActiveCfg = Debug|Win32
		{34A0115E-5C3C-4933-B531-1CDC1A7B8BA0}.Debug|x86.Build.0 = Debug|Win32
		{34A0115E-5C3C-4933-B531-1CDC1A7B8BA0}.Release|x64.ActiveCfg = Release|x64
		{34A0115E-5C3C-4933-B531-1CDC1A7B8BA0}.Release|x64.Build.0 = Release|x64
		{34A0115E-5C3C-4933-B531-1CDC1A7B8BA0}.Release|x86.ActiveCfg = Release|Win32
		{34A0115E-5C3C-4933-B531-1CDC1A7B8BA0}.Release|x86.Build.0 = Release|Win32
		{6A950FC6-D5BB-458A-AB03-5406BC5694F3}.Debug|x64.ActiveCfg = Debug|x64
		{6A950FC6-D5BB-458A-AB03-5406BC5694F3}.Debug|x64.Build.0 = Debug|x64
		{6A950FC6-D5BB-458A-AB03-5406BC5694F3}.Debug|x86.ActiveCfg = Debug|Win32
		{6A950FC6-D5BB-458A-AB03-5406BC5694F3}.Debug|x86.Build.0 = Debug|Win32
		{6A950FC6-D5BB-458A-AB03-5406BC5694F3}.Release|x64.ActiveCfg = Release|x64
		{6A950FC6-D5BB-458A-AB03-5406BC5694F3}.Release|x64.Build.0 = Release|x64
		{6A950FC6-D5BB-458A-AB03-5406BC5694F3}.Release|x86.ActiveCfg = Release|Win32
		{6A950FC6-D5BB-458A-AB03-5406BC5694F3}.Release|x86.Build.0 = Release|Win32
		{274B20A9-F6A1-4CC0-8E74-8373EB2539C7}.Debug|x64.ActiveCfg = Debug|x64
		{274B20A9-F6A1-4CC0-8E74-8373EB2539C7}.Debug|x64.Build.0 = Debug|x64
		{274B20A9-F6A1-4CC0-8E74-8373EB2539C7}.Debug|x86.ActiveCfg = Debug|Win32
		{274B20A9-F6A1-4CC0-8E74-8373EB2539C7}.Debug|x86.Build.0 = Debug|Win32
		{274B20A9-F6A1-4CC0-8E74-8373EB2539C7}.Release|x64.ActiveCfg = Release|x64
		{274B20A9-F6A1-4CC0-8E74-8373EB2539C7}.Release|x64.Build.0 = Release|x64
		{274B20A9-F6A1-4CC0-8E74-8373EB2539C7}.Release|x86.ActiveCfg = Release|Win32
		{274B20A9-F6A1-4CC0-8E74-8373EB2539C7}.Release|x86.Build.0 = Release|Win32
		{7CDA34F1-7E46-4B2D-8679-9BA7BED3DBF1}.Debug|x64.ActiveCfg = Debug|x64
		{7CDA34F1-7E46-4B2D-8679-9BA7BED3DBF1}.Debug|x64.Build.0 = Debug|x64
		{7CDA34F1-7E46-4B2D-8679-9BA7BED3DBF1}.Debug|x86.ActiveCfg = Debug|Win32
		{7CDA34F1-7E46-4B2D-8679-9BA7BED3DBF1}.Debug|x86.Build.0 = Debug|Win32
		{7CDA34F1-7E46-4B2D-8679-9BA7BED3DBF1}.Release|x64.ActiveCfg = Release|x64
		{7CDA34F1-7E46-4B2D-8679-9BA7BED3DBF1}.Release|x64.Build.0 = Release|x64
		{7CDA34F1-7E46-4B2D-8679-9BA7BED3DBF1}.Release|x86.ActiveCfg = Release|Win32
		{7CDA34F1-7E46-4B2D-8679-9BA7BED3DBF1}.Release|x86.Build.0 = Release|Win32
		{364CFE9D-F133-4568-BC4B-A4502ABE1C10}.Debug|x64.ActiveCfg = Debug|x64
		{364CFE9D-F133-4568-BC4B-A4502ABE1C10}.Debug|x64.Build.0 = Debug|x64
		{364CFE9D-F133-4568-BC4B-A4502ABE1C10}.Debug|x86.ActiveCfg = Debug|Win32
		{364CFE9D-F133-4568-BC4B-A4502ABE1C10}.Debug|x86.Build.0 = Debug|Win32
		{364CFE9D-F133-4568-BC4B-A4502ABE1C10}.Release|x64.ActiveCfg = Release|x64
		{364CFE9D-F133-4568-BC4B-A4502ABE1C10}.Release|x64.Build.0 = Release|x64
		{364CFE9D-F133-4568-BC4B-A4502ABE1C10}.Release|x86.ActiveCfg = Release|Win32
		{364CFE9D-F133-4568-BC4B-A4502ABE1C10}.Release|x86.Build.0 = Release|Win32
		{E8737CA5-EFC8-4AE9-B8AD-F17B47E70E53}.Debug|x64.ActiveCfg = Debug|x64
		{E8737CA5-EFC8-4AE9-B8AD-F17B47E70E53}.Debug|x64.Build.0 = Debug|x64
		{E8737CA5-EFC8-4AE9-B8AD-F17B47E70E53}.Debug|x86.ActiveCfg = Debug|Win32
		{E8737CA5-EFC8-4AE9-B8AD-F17B47E70E53}.Debug|x86.Build.0 = Debug|Win32
		{E8737CA5-EFC8-4AE9-B8AD-F17B47E70E53}.Release|x64.ActiveCfg = Release|x64
		{E8737CA5-EFC8-4AE9-B8AD-F17B47E70E53}.Release|x64.Build.0 = Release|x64
		{E8737CA5-EFC8-4AE9-B8AD-F17B47E70E53}.Release|x86.ActiveCfg = Release|Win32
		{E8737CA5-EFC8-4AE9-B8AD-F17B47E70E53}.Release|x86.Build.0 = Release|Win32
		{FB66A07C-E06A-4545-91D3-28674436A51E}.Debug|x64.ActiveCfg = Debug|x64
		{FB66A07C-E06A-4545-91D3-28674436A51E}.Debug|x64.Build.0 = Debug|x64
		{FB66A07C-E06A-4545-91D3-28674436A51E}.Debug|x86.ActiveCfg = Debug|Win32
		{FB66A07C-E06A-4545-91D3-28674436A51E}.Debug|x86.Build.0 = Debug|Win32
		{FB66A07C-E06A-4545-91D3-28674436A51E}.Release|x64.ActiveCfg = Release|x64
		{FB66A07C-E06A-4545-91D3-28674436A51E}.Release|x64.Build.0 = Release|x64
		{FB66A07C-E06A-4545-91D3-28674436A51E}.Release|x86.ActiveCfg = Release|Win32
		{FB66A07C-E06A-4545-91D3-28674436A51E}.Release|x86.Build.0 = Release|Win32
		{30B1587A-F5D5-42B1-8E53-D2BCD81E975F}.Debug|x64.ActiveCfg = Debug|x64
		{30B1587A-F5D5-42B1-8E53-D2BCD81E975F}.Debug|x64.Build.0 = Debug|x64
		{30B1587A-F5D5-42B1-8E53-D2BCD81E975F}.Debug|x86.ActiveCfg = Debug|Win32
		{30B1587A-F5D5-42B1-8E53-D2BCD81E975F}.Debug|x86.Build.0 = Debug|Win32
		{30B1587A-F5D5-42B1-8E53-D2BCD81E975F}.Release|x64.ActiveCfg = Release|x64
		{30B1587A-F5D5-42B1-8E53-D2BCD81E975F}.Release|x64.Build.0 = Release|x64
		{30B1587A-F5D5-42B1-8E53-D2BCD81E975F}.Release|x86.ActiveCfg = Release|Win32
		{30B1587A-F5D5-42B1-8E53-D2BCD81E975F}.Release|x86.Build.0 = Release|Win32
		{BB65645C-8201-49A1-8053-0232A3E54FEC}.Debug|x64.ActiveCfg = Debug|x64
		{BB65645C-8201-49A1-8053-0232A3E54FEC}.Debug|x64.Build.0 = Debug|x64
		{BB65645C-8201-49A1-8053-0232A3E54FEC}.Debug|x86.ActiveCfg = Debug|Win32
		{BB65645C-8201-49A1-8053-0232A3E54FEC}.Debug|x86.Build.0 = Debug|Win32
		{BB65645C-8201-49A1-8053-0232A3E54FEC}.Release|x64.ActiveCfg = Release|x64
		{BB65645C-8201-49A1-8053-0232A3E54FEC}.Release|x64.Build.0 = Release|x64
		{BB65645C-8201-49A1-8053-0232A3E54FEC}.Release|x86.ActiveCfg = Release|Win32
		{BB65645C-8201-49A1-8053-0232A3E54FEC}.Release|x86.Build.0 = Release|Win32
		{F8788C37-B3B4-4B48-B67C-88687810A9E0}.Debug|x64.ActiveCfg = Debug|x64
		{F8788C37-B3B4-4B48-B67C-88687810A9E0}.Debug|x64.Build.0 = Debug|x64
		{F8788C37-B3B4-4B48-B67C-88687810A9E0}.Debug|x86.ActiveCfg = Debug|Win32
		{F8788C37-B3B4-4B48-B67C-88687810A9E0}.Debug|x86.Build.0 = Debug|Win32
		{F8788C37-B3B4-4B48-B67C-88687810A9E0}.Release|x64.ActiveCfg = Release|x64
		{F8788C37-B3B4-4B48-B67C-88687810A9E0}.Release|x64.Build.0 = Release|x64
		{F8788C37-B3B4-4B48-B67C-88687810A9E0}.Release|x86.ActiveCfg = Release|Win32
		{F8788C37-B3B4-4B48-B67C-88687810A9E0}.Release|x86.Build.0 = Release|Win32
	EndGlobalSection
	GlobalSection(SolutionProperties) = preSolution
		HideSolutionNode = FALSE
	EndGlobalSection
EndGlobal
