
Microsoft Visual Studio Solution File, Format Version 12.00
# Visual Studio 15
VisualStudioVersion = 15.0.26430.15
MinimumVisualStudioVersion = 10.0.40219.1
Project("{9092AA53-FB77-4645-B42D-1CCCA6BD08BD}") = "exam1", "exam1\exam1.njsproj", "{7EFECB15-23B0-4983-B8AB-EBE5AA8483B9}"
EndProject
Project("{8BC9CEB8-8B4A-11D0-8D11-00A0C91BC942}") = "exam2", "exam2\exam2.vcxproj", "{2E5AA010-9DA7-486D-B18A-C84E7993165D}"
EndProject
Project("{8BC9CEB8-8B4A-11D0-8D11-00A0C91BC942}") = "exam3", "exam3\exam3.vcxproj", "{C5188F92-1545-4294-9C62-B75C9B17A02D}"
EndProject
Project("{8BC9CEB8-8B4A-11D0-8D11-00A0C91BC942}") = "exam4", "exam4\exam4.vcxproj", "{83E6AF0D-852A-4E27-A7E5-77CD0A66036B}"
EndProject
Global
	GlobalSection(SolutionConfigurationPlatforms) = preSolution
		Debug|Any CPU = Debug|Any CPU
		Debug|x64 = Debug|x64
		Debug|x86 = Debug|x86
		Release|Any CPU = Release|Any CPU
		Release|x64 = Release|x64
		Release|x86 = Release|x86
	EndGlobalSection
	GlobalSection(ProjectConfigurationPlatforms) = postSolution
		{7EFECB15-23B0-4983-B8AB-EBE5AA8483B9}.Debug|Any CPU.ActiveCfg = Debug|Any CPU
		{7EFECB15-23B0-4983-B8AB-EBE5AA8483B9}.Debug|Any CPU.Build.0 = Debug|Any CPU
		{7EFECB15-23B0-4983-B8AB-EBE5AA8483B9}.Debug|x64.ActiveCfg = Debug|Any CPU
		{7EFECB15-23B0-4983-B8AB-EBE5AA8483B9}.Debug|x64.Build.0 = Debug|Any CPU
		{7EFECB15-23B0-4983-B8AB-EBE5AA8483B9}.Debug|x86.ActiveCfg = Debug|Any CPU
		{7EFECB15-23B0-4983-B8AB-EBE5AA8483B9}.Debug|x86.Build.0 = Debug|Any CPU
		{7EFECB15-23B0-4983-B8AB-EBE5AA8483B9}.Release|Any CPU.ActiveCfg = Release|Any CPU
		{7EFECB15-23B0-4983-B8AB-EBE5AA8483B9}.Release|Any CPU.Build.0 = Release|Any CPU
		{7EFECB15-23B0-4983-B8AB-EBE5AA8483B9}.Release|x64.ActiveCfg = Release|Any CPU
		{7EFECB15-23B0-4983-B8AB-EBE5AA8483B9}.Release|x64.Build.0 = Release|Any CPU
		{7EFECB15-23B0-4983-B8AB-EBE5AA8483B9}.Release|x86.ActiveCfg = Release|Any CPU
		{7EFECB15-23B0-4983-B8AB-EBE5AA8483B9}.Release|x86.Build.0 = Release|Any CPU
		{2E5AA010-9DA7-486D-B18A-C84E7993165D}.Debug|Any CPU.ActiveCfg = Debug|Win32
		{2E5AA010-9DA7-486D-B18A-C84E7993165D}.Debug|x64.ActiveCfg = Debug|x64
		{2E5AA010-9DA7-486D-B18A-C84E7993165D}.Debug|x64.Build.0 = Debug|x64
		{2E5AA010-9DA7-486D-B18A-C84E7993165D}.Debug|x86.ActiveCfg = Debug|Win32
		{2E5AA010-9DA7-486D-B18A-C84E7993165D}.Debug|x86.Build.0 = Debug|Win32
		{2E5AA010-9DA7-486D-B18A-C84E7993165D}.Release|Any CPU.ActiveCfg = Release|Win32
		{2E5AA010-9DA7-486D-B18A-C84E7993165D}.Release|x64.ActiveCfg = Release|x64
		{2E5AA010-9DA7-486D-B18A-C84E7993165D}.Release|x64.Build.0 = Release|x64
		{2E5AA010-9DA7-486D-B18A-C84E7993165D}.Release|x86.ActiveCfg = Release|Win32
		{2E5AA010-9DA7-486D-B18A-C84E7993165D}.Release|x86.Build.0 = Release|Win32
		{C5188F92-1545-4294-9C62-B75C9B17A02D}.Debug|Any CPU.ActiveCfg = Debug|Win32
		{C5188F92-1545-4294-9C62-B75C9B17A02D}.Debug|x64.ActiveCfg = Debug|x64
		{C5188F92-1545-4294-9C62-B75C9B17A02D}.Debug|x64.Build.0 = Debug|x64
		{C5188F92-1545-4294-9C62-B75C9B17A02D}.Debug|x86.ActiveCfg = Debug|Win32
		{C5188F92-1545-4294-9C62-B75C9B17A02D}.Debug|x86.Build.0 = Debug|Win32
		{C5188F92-1545-4294-9C62-B75C9B17A02D}.Release|Any CPU.ActiveCfg = Release|Win32
		{C5188F92-1545-4294-9C62-B75C9B17A02D}.Release|x64.ActiveCfg = Release|x64
		{C5188F92-1545-4294-9C62-B75C9B17A02D}.Release|x64.Build.0 = Release|x64
		{C5188F92-1545-4294-9C62-B75C9B17A02D}.Release|x86.ActiveCfg = Release|Win32
		{C5188F92-1545-4294-9C62-B75C9B17A02D}.Release|x86.Build.0 = Release|Win32
		{83E6AF0D-852A-4E27-A7E5-77CD0A66036B}.Debug|Any CPU.ActiveCfg = Debug|Win32
		{83E6AF0D-852A-4E27-A7E5-77CD0A66036B}.Debug|x64.ActiveCfg = Debug|x64
		{83E6AF0D-852A-4E27-A7E5-77CD0A66036B}.Debug|x64.Build.0 = Debug|x64
		{83E6AF0D-852A-4E27-A7E5-77CD0A66036B}.Debug|x86.ActiveCfg = Debug|Win32
		{83E6AF0D-852A-4E27-A7E5-77CD0A66036B}.Debug|x86.Build.0 = Debug|Win32
		{83E6AF0D-852A-4E27-A7E5-77CD0A66036B}.Release|Any CPU.ActiveCfg = Release|Win32
		{83E6AF0D-852A-4E27-A7E5-77CD0A66036B}.Release|x64.ActiveCfg = Release|x64
		{83E6AF0D-852A-4E27-A7E5-77CD0A66036B}.Release|x64.Build.0 = Release|x64
		{83E6AF0D-852A-4E27-A7E5-77CD0A66036B}.Release|x86.ActiveCfg = Release|Win32
		{83E6AF0D-852A-4E27-A7E5-77CD0A66036B}.Release|x86.Build.0 = Release|Win32
	EndGlobalSection
	GlobalSection(SolutionProperties) = preSolution
		HideSolutionNode = FALSE
	EndGlobalSection
EndGlobal
