
Microsoft Visual Studio Solution File, Format Version 12.00
# Visual Studio 15
VisualStudioVersion = 15.0.26430.14
MinimumVisualStudioVersion = 10.0.40219.1
Project("{8BC9CEB8-8B4A-11D0-8D11-00A0C91BC942}") = "exam1", "exam1\exam1.vcxproj", "{2A5F8AB1-0C14-4536-B180-8CF63325FDDD}"
EndProject
Project("{8BC9CEB8-8B4A-11D0-8D11-00A0C91BC942}") = "exam2", "exam2\exam2.vcxproj", "{22C38F53-9C86-4227-820D-1D513DA90362}"
EndProject
Project("{8BC9CEB8-8B4A-11D0-8D11-00A0C91BC942}") = "exam3", "exam3\exam3.vcxproj", "{CAD42F40-80D9-41C7-A646-D9923566D844}"
EndProject
Project("{8BC9CEB8-8B4A-11D0-8D11-00A0C91BC942}") = "exam4", "exam4\exam4.vcxproj", "{777F5906-2F6C-4910-8E1D-C0ACCA4500CC}"
EndProject
Project("{8BC9CEB8-8B4A-11D0-8D11-00A0C91BC942}") = "exam5", "exam5\exam5.vcxproj", "{0ABFE1DA-8269-4194-BBBE-0CFF8BD6058D}"
EndProject
Project("{8BC9CEB8-8B4A-11D0-8D11-00A0C91BC942}") = "exam6", "exam6\exam6.vcxproj", "{D232554D-B878-4A3C-A81B-588C5F9E01E2}"
EndProject
Project("{8BC9CEB8-8B4A-11D0-8D11-00A0C91BC942}") = "exam7", "exam7\exam7.vcxproj", "{6F5B244B-38A9-4AF3-ADAA-4A92C5E42229}"
EndProject
Project("{8BC9CEB8-8B4A-11D0-8D11-00A0C91BC942}") = "exam8", "exam8\exam8.vcxproj", "{E18FEF3A-0A85-4109-AF94-5E14F8E8567D}"
EndProject
Project("{8BC9CEB8-8B4A-11D0-8D11-00A0C91BC942}") = "exam9", "exam9\exam9.vcxproj", "{62EE90C8-2897-40BE-ADAE-524670B7B27C}"
EndProject
Project("{8BC9CEB8-8B4A-11D0-8D11-00A0C91BC942}") = "exam10", "exam10\exam10.vcxproj", "{DD93085F-0497-4F13-AA9F-B7841E60E65E}"
EndProject
Project("{8BC9CEB8-8B4A-11D0-8D11-00A0C91BC942}") = "exam11", "exam11\exam11.vcxproj", "{72729E97-04FB-4433-82B4-0928BE4AC4D3}"
EndProject
Project("{8BC9CEB8-8B4A-11D0-8D11-00A0C91BC942}") = "exam12", "exam12\exam12.vcxproj", "{92D60D40-AAB7-4685-B720-D167E4D16F64}"
EndProject
Project("{8BC9CEB8-8B4A-11D0-8D11-00A0C91BC942}") = "exam13", "exam13\exam13.vcxproj", "{0021AFEA-4DAE-4953-8A45-027D8BFFB6A3}"
EndProject
Project("{8BC9CEB8-8B4A-11D0-8D11-00A0C91BC942}") = "exam14", "exam14\exam14.vcxproj", "{6162E2C0-6CA7-4EAE-A8FF-4394781947D5}"
EndProject
Global
	GlobalSection(SolutionConfigurationPlatforms) = preSolution
		Debug|x64 = Debug|x64
		Debug|x86 = Debug|x86
		Release|x64 = Release|x64
		Release|x86 = Release|x86
	EndGlobalSection
	GlobalSection(ProjectConfigurationPlatforms) = postSolution
		{2A5F8AB1-0C14-4536-B180-8CF63325FDDD}.Debug|x64.ActiveCfg = Debug|x64
		{2A5F8AB1-0C14-4536-B180-8CF63325FDDD}.Debug|x64.Build.0 = Debug|x64
		{2A5F8AB1-0C14-4536-B180-8CF63325FDDD}.Debug|x86.ActiveCfg = Debug|Win32
		{2A5F8AB1-0C14-4536-B180-8CF63325FDDD}.Debug|x86.Build.0 = Debug|Win32
		{2A5F8AB1-0C14-4536-B180-8CF63325FDDD}.Release|x64.ActiveCfg = Release|x64
		{2A5F8AB1-0C14-4536-B180-8CF63325FDDD}.Release|x64.Build.0 = Release|x64
		{2A5F8AB1-0C14-4536-B180-8CF63325FDDD}.Release|x86.ActiveCfg = Release|Win32
		{2A5F8AB1-0C14-4536-B180-8CF63325FDDD}.Release|x86.Build.0 = Release|Win32
		{22C38F53-9C86-4227-820D-1D513DA90362}.Debug|x64.ActiveCfg = Debug|x64
		{22C38F53-9C86-4227-820D-1D513DA90362}.Debug|x64.Build.0 = Debug|x64
		{22C38F53-9C86-4227-820D-1D513DA90362}.Debug|x86.ActiveCfg = Debug|Win32
		{22C38F53-9C86-4227-820D-1D513DA90362}.Debug|x86.Build.0 = Debug|Win32
		{22C38F53-9C86-4227-820D-1D513DA90362}.Release|x64.ActiveCfg = Release|x64
		{22C38F53-9C86-4227-820D-1D513DA90362}.Release|x64.Build.0 = Release|x64
		{22C38F53-9C86-4227-820D-1D513DA90362}.Release|x86.ActiveCfg = Release|Win32
		{22C38F53-9C86-4227-820D-1D513DA90362}.Release|x86.Build.0 = Release|Win32
		{CAD42F40-80D9-41C7-A646-D9923566D844}.Debug|x64.ActiveCfg = Debug|x64
		{CAD42F40-80D9-41C7-A646-D9923566D844}.Debug|x64.Build.0 = Debug|x64
		{CAD42F40-80D9-41C7-A646-D9923566D844}.Debug|x86.ActiveCfg = Debug|Win32
		{CAD42F40-80D9-41C7-A646-D9923566D844}.Debug|x86.Build.0 = Debug|Win32
		{CAD42F40-80D9-41C7-A646-D9923566D844}.Release|x64.ActiveCfg = Release|x64
		{CAD42F40-80D9-41C7-A646-D9923566D844}.Release|x64.Build.0 = Release|x64
		{CAD42F40-80D9-41C7-A646-D9923566D844}.Release|x86.ActiveCfg = Release|Win32
		{CAD42F40-80D9-41C7-A646-D9923566D844}.Release|x86.Build.0 = Release|Win32
		{777F5906-2F6C-4910-8E1D-C0ACCA4500CC}.Debug|x64.ActiveCfg = Debug|x64
		{777F5906-2F6C-4910-8E1D-C0ACCA4500CC}.Debug|x64.Build.0 = Debug|x64
		{777F5906-2F6C-4910-8E1D-C0ACCA4500CC}.Debug|x86.ActiveCfg = Debug|Win32
		{777F5906-2F6C-4910-8E1D-C0ACCA4500CC}.Debug|x86.Build.0 = Debug|Win32
		{777F5906-2F6C-4910-8E1D-C0ACCA4500CC}.Release|x64.ActiveCfg = Release|x64
		{777F5906-2F6C-4910-8E1D-C0ACCA4500CC}.Release|x64.Build.0 = Release|x64
		{777F5906-2F6C-4910-8E1D-C0ACCA4500CC}.Release|x86.ActiveCfg = Release|Win32
		{777F5906-2F6C-4910-8E1D-C0ACCA4500CC}.Release|x86.Build.0 = Release|Win32
		{0ABFE1DA-8269-4194-BBBE-0CFF8BD6058D}.Debug|x64.ActiveCfg = Debug|x64
		{0ABFE1DA-8269-4194-BBBE-0CFF8BD6058D}.Debug|x64.Build.0 = Debug|x64
		{0ABFE1DA-8269-4194-BBBE-0CFF8BD6058D}.Debug|x86.ActiveCfg = Debug|Win32
		{0ABFE1DA-8269-4194-BBBE-0CFF8BD6058D}.Debug|x86.Build.0 = Debug|Win32
		{0ABFE1DA-8269-4194-BBBE-0CFF8BD6058D}.Release|x64.ActiveCfg = Release|x64
		{0ABFE1DA-8269-4194-BBBE-0CFF8BD6058D}.Release|x64.Build.0 = Release|x64
		{0ABFE1DA-8269-4194-BBBE-0CFF8BD6058D}.Release|x86.ActiveCfg = Release|Win32
		{0ABFE1DA-8269-4194-BBBE-0CFF8BD6058D}.Release|x86.Build.0 = Release|Win32
		{D232554D-B878-4A3C-A81B-588C5F9E01E2}.Debug|x64.ActiveCfg = Debug|x64
		{D232554D-B878-4A3C-A81B-588C5F9E01E2}.Debug|x64.Build.0 = Debug|x64
		{D232554D-B878-4A3C-A81B-588C5F9E01E2}.Debug|x86.ActiveCfg = Debug|Win32
		{D232554D-B878-4A3C-A81B-588C5F9E01E2}.Debug|x86.Build.0 = Debug|Win32
		{D232554D-B878-4A3C-A81B-588C5F9E01E2}.Release|x64.ActiveCfg = Release|x64
		{D232554D-B878-4A3C-A81B-588C5F9E01E2}.Release|x64.Build.0 = Release|x64
		{D232554D-B878-4A3C-A81B-588C5F9E01E2}.Release|x86.ActiveCfg = Release|Win32
		{D232554D-B878-4A3C-A81B-588C5F9E01E2}.Release|x86.Build.0 = Release|Win32
		{6F5B244B-38A9-4AF3-ADAA-4A92C5E42229}.Debug|x64.ActiveCfg = Debug|x64
		{6F5B244B-38A9-4AF3-ADAA-4A92C5E42229}.Debug|x64.Build.0 = Debug|x64
		{6F5B244B-38A9-4AF3-ADAA-4A92C5E42229}.Debug|x86.ActiveCfg = Debug|Win32
		{6F5B244B-38A9-4AF3-ADAA-4A92C5E42229}.Debug|x86.Build.0 = Debug|Win32
		{6F5B244B-38A9-4AF3-ADAA-4A92C5E42229}.Release|x64.ActiveCfg = Release|x64
		{6F5B244B-38A9-4AF3-ADAA-4A92C5E42229}.Release|x64.Build.0 = Release|x64
		{6F5B244B-38A9-4AF3-ADAA-4A92C5E42229}.Release|x86.ActiveCfg = Release|Win32
		{6F5B244B-38A9-4AF3-ADAA-4A92C5E42229}.Release|x86.Build.0 = Release|Win32
		{E18FEF3A-0A85-4109-AF94-5E14F8E8567D}.Debug|x64.ActiveCfg = Debug|x64
		{E18FEF3A-0A85-4109-AF94-5E14F8E8567D}.Debug|x64.Build.0 = Debug|x64
		{E18FEF3A-0A85-4109-AF94-5E14F8E8567D}.Debug|x86.ActiveCfg = Debug|Win32
		{E18FEF3A-0A85-4109-AF94-5E14F8E8567D}.Debug|x86.Build.0 = Debug|Win32
		{E18FEF3A-0A85-4109-AF94-5E14F8E8567D}.Release|x64.ActiveCfg = Release|x64
		{E18FEF3A-0A85-4109-AF94-5E14F8E8567D}.Release|x64.Build.0 = Release|x64
		{E18FEF3A-0A85-4109-AF94-5E14F8E8567D}.Release|x86.ActiveCfg = Release|Win32
		{E18FEF3A-0A85-4109-AF94-5E14F8E8567D}.Release|x86.Build.0 = Release|Win32
		{62EE90C8-2897-40BE-ADAE-524670B7B27C}.Debug|x64.ActiveCfg = Debug|x64
		{62EE90C8-2897-40BE-ADAE-524670B7B27C}.Debug|x64.Build.0 = Debug|x64
		{62EE90C8-2897-40BE-ADAE-524670B7B27C}.Debug|x86.ActiveCfg = Debug|Win32
		{62EE90C8-2897-40BE-ADAE-524670B7B27C}.Debug|x86.Build.0 = Debug|Win32
		{62EE90C8-2897-40BE-ADAE-524670B7B27C}.Release|x64.ActiveCfg = Release|x64
		{62EE90C8-2897-40BE-ADAE-524670B7B27C}.Release|x64.Build.0 = Release|x64
		{62EE90C8-2897-40BE-ADAE-524670B7B27C}.Release|x86.ActiveCfg = Release|Win32
		{62EE90C8-2897-40BE-ADAE-524670B7B27C}.Release|x86.Build.0 = Release|Win32
		{DD93085F-0497-4F13-AA9F-B7841E60E65E}.Debug|x64.ActiveCfg = Debug|x64
		{DD93085F-0497-4F13-AA9F-B7841E60E65E}.Debug|x64.Build.0 = Debug|x64
		{DD93085F-0497-4F13-AA9F-B7841E60E65E}.Debug|x86.ActiveCfg = Debug|Win32
		{DD93085F-0497-4F13-AA9F-B7841E60E65E}.Debug|x86.Build.0 = Debug|Win32
		{DD93085F-0497-4F13-AA9F-B7841E60E65E}.Release|x64.ActiveCfg = Release|x64
		{DD93085F-0497-4F13-AA9F-B7841E60E65E}.Release|x64.Build.0 = Release|x64
		{DD93085F-0497-4F13-AA9F-B7841E60E65E}.Release|x86.ActiveCfg = Release|Win32
		{DD93085F-0497-4F13-AA9F-B7841E60E65E}.Release|x86.Build.0 = Release|Win32
		{72729E97-04FB-4433-82B4-0928BE4AC4D3}.Debug|x64.ActiveCfg = Debug|x64
		{72729E97-04FB-4433-82B4-0928BE4AC4D3}.Debug|x64.Build.0 = Debug|x64
		{72729E97-04FB-4433-82B4-0928BE4AC4D3}.Debug|x86.ActiveCfg = Debug|Win32
		{72729E97-04FB-4433-82B4-0928BE4AC4D3}.Debug|x86.Build.0 = Debug|Win32
		{72729E97-04FB-4433-82B4-0928BE4AC4D3}.Release|x64.ActiveCfg = Release|x64
		{72729E97-04FB-4433-82B4-0928BE4AC4D3}.Release|x64.Build.0 = Release|x64
		{72729E97-04FB-4433-82B4-0928BE4AC4D3}.Release|x86.ActiveCfg = Release|Win32
		{72729E97-04FB-4433-82B4-0928BE4AC4D3}.Release|x86.Build.0 = Release|Win32
		{92D60D40-AAB7-4685-B720-D167E4D16F64}.Debug|x64.ActiveCfg = Debug|x64
		{92D60D40-AAB7-4685-B720-D167E4D16F64}.Debug|x64.Build.0 = Debug|x64
		{92D60D40-AAB7-4685-B720-D167E4D16F64}.Debug|x86.ActiveCfg = Debug|Win32
		{92D60D40-AAB7-4685-B720-D167E4D16F64}.Debug|x86.Build.0 = Debug|Win32
		{92D60D40-AAB7-4685-B720-D167E4D16F64}.Release|x64.ActiveCfg = Release|x64
		{92D60D40-AAB7-4685-B720-D167E4D16F64}.Release|x64.Build.0 = Release|x64
		{92D60D40-AAB7-4685-B720-D167E4D16F64}.Release|x86.ActiveCfg = Release|Win32
		{92D60D40-AAB7-4685-B720-D167E4D16F64}.Release|x86.Build.0 = Release|Win32
		{0021AFEA-4DAE-4953-8A45-027D8BFFB6A3}.Debug|x64.ActiveCfg = Debug|x64
		{0021AFEA-4DAE-4953-8A45-027D8BFFB6A3}.Debug|x64.Build.0 = Debug|x64
		{0021AFEA-4DAE-4953-8A45-027D8BFFB6A3}.Debug|x86.ActiveCfg = Debug|Win32
		{0021AFEA-4DAE-4953-8A45-027D8BFFB6A3}.Debug|x86.Build.0 = Debug|Win32
		{0021AFEA-4DAE-4953-8A45-027D8BFFB6A3}.Release|x64.ActiveCfg = Release|x64
		{0021AFEA-4DAE-4953-8A45-027D8BFFB6A3}.Release|x64.Build.0 = Release|x64
		{0021AFEA-4DAE-4953-8A45-027D8BFFB6A3}.Release|x86.ActiveCfg = Release|Win32
		{0021AFEA-4DAE-4953-8A45-027D8BFFB6A3}.Release|x86.Build.0 = Release|Win32
		{6162E2C0-6CA7-4EAE-A8FF-4394781947D5}.Debug|x64.ActiveCfg = Debug|x64
		{6162E2C0-6CA7-4EAE-A8FF-4394781947D5}.Debug|x64.Build.0 = Debug|x64
		{6162E2C0-6CA7-4EAE-A8FF-4394781947D5}.Debug|x86.ActiveCfg = Debug|Win32
		{6162E2C0-6CA7-4EAE-A8FF-4394781947D5}.Debug|x86.Build.0 = Debug|Win32
		{6162E2C0-6CA7-4EAE-A8FF-4394781947D5}.Release|x64.ActiveCfg = Release|x64
		{6162E2C0-6CA7-4EAE-A8FF-4394781947D5}.Release|x64.Build.0 = Release|x64
		{6162E2C0-6CA7-4EAE-A8FF-4394781947D5}.Release|x86.ActiveCfg = Release|Win32
		{6162E2C0-6CA7-4EAE-A8FF-4394781947D5}.Release|x86.Build.0 = Release|Win32
	EndGlobalSection
	GlobalSection(SolutionProperties) = preSolution
		HideSolutionNode = FALSE
	EndGlobalSection
EndGlobal
