
Microsoft Visual Studio Solution File, Format Version 12.00
# Visual Studio 15
VisualStudioVersion = 15.0.26430.14
MinimumVisualStudioVersion = 10.0.40219.1
Project("{8BC9CEB8-8B4A-11D0-8D11-00A0C91BC942}") = "exam1", "exam1\exam1.vcxproj", "{8E4FEDAF-4141-4425-BA4F-DF8495C09988}"
EndProject
Project("{8BC9CEB8-8B4A-11D0-8D11-00A0C91BC942}") = "exam2", "exam2\exam2.vcxproj", "{949C9D4C-F6FF-42E9-AED8-8C0E5807F55D}"
EndProject
Project("{8BC9CEB8-8B4A-11D0-8D11-00A0C91BC942}") = "exam3", "exam3\exam3.vcxproj", "{AF7D5616-7C38-4449-93EA-AF0EB213E11E}"
EndProject
Project("{8BC9CEB8-8B4A-11D0-8D11-00A0C91BC942}") = "exam4", "Win32Project1\Win32Project1.vcxproj", "{AEB457F8-4C1B-44E5-B997-92E9BDBC64BB}"
EndProject
Project("{8BC9CEB8-8B4A-11D0-8D11-00A0C91BC942}") = "exan5", "exan5\exan5.vcxproj", "{D7EA5B44-1A89-418C-A85A-907E1B178828}"
EndProject
Project("{8BC9CEB8-8B4A-11D0-8D11-00A0C91BC942}") = "exam6", "exam6\exam6.vcxproj", "{BC5BE7D4-1914-49C0-9ABE-D5B6353C5A24}"
EndProject
Project("{8BC9CEB8-8B4A-11D0-8D11-00A0C91BC942}") = "exam7", "exam7\exam7.vcxproj", "{33AB9102-EFC3-48D0-8799-BAFC70051832}"
EndProject
Project("{8BC9CEB8-8B4A-11D0-8D11-00A0C91BC942}") = "exam8", "exam8\exam8.vcxproj", "{1522A15E-5B3C-4D47-B51D-505D62895B84}"
EndProject
Project("{8BC9CEB8-8B4A-11D0-8D11-00A0C91BC942}") = "exam9", "exam9\exam9.vcxproj", "{EBDE7D2F-3B5C-4D25-BEE8-EDA19E9931A8}"
EndProject
Project("{8BC9CEB8-8B4A-11D0-8D11-00A0C91BC942}") = "exam10", "exam10\exam10.vcxproj", "{2CEF40D5-22FB-4B75-88DF-754B1648A5A1}"
EndProject
Project("{8BC9CEB8-8B4A-11D0-8D11-00A0C91BC942}") = "exam11", "exam11\exam11.vcxproj", "{ABC5EB8F-A3B1-4682-9F83-F9F0868BB6D9}"
EndProject
Project("{8BC9CEB8-8B4A-11D0-8D11-00A0C91BC942}") = "exam12", "exam12\exam12.vcxproj", "{D660D086-B8C6-494E-9D40-E5BFD71A0CB9}"
EndProject
Global
	GlobalSection(SolutionConfigurationPlatforms) = preSolution
		Debug|x64 = Debug|x64
		Debug|x86 = Debug|x86
		Release|x64 = Release|x64
		Release|x86 = Release|x86
	EndGlobalSection
	GlobalSection(ProjectConfigurationPlatforms) = postSolution
		{8E4FEDAF-4141-4425-BA4F-DF8495C09988}.Debug|x64.ActiveCfg = Debug|x64
		{8E4FEDAF-4141-4425-BA4F-DF8495C09988}.Debug|x64.Build.0 = Debug|x64
		{8E4FEDAF-4141-4425-BA4F-DF8495C09988}.Debug|x86.ActiveCfg = Debug|Win32
		{8E4FEDAF-4141-4425-BA4F-DF8495C09988}.Debug|x86.Build.0 = Debug|Win32
		{8E4FEDAF-4141-4425-BA4F-DF8495C09988}.Release|x64.ActiveCfg = Release|x64
		{8E4FEDAF-4141-4425-BA4F-DF8495C09988}.Release|x64.Build.0 = Release|x64
		{8E4FEDAF-4141-4425-BA4F-DF8495C09988}.Release|x86.ActiveCfg = Release|Win32
		{8E4FEDAF-4141-4425-BA4F-DF8495C09988}.Release|x86.Build.0 = Release|Win32
		{949C9D4C-F6FF-42E9-AED8-8C0E5807F55D}.Debug|x64.ActiveCfg = Debug|x64
		{949C9D4C-F6FF-42E9-AED8-8C0E5807F55D}.Debug|x64.Build.0 = Debug|x64
		{949C9D4C-F6FF-42E9-AED8-8C0E5807F55D}.Debug|x86.ActiveCfg = Debug|Win32
		{949C9D4C-F6FF-42E9-AED8-8C0E5807F55D}.Debug|x86.Build.0 = Debug|Win32
		{949C9D4C-F6FF-42E9-AED8-8C0E5807F55D}.Release|x64.ActiveCfg = Release|x64
		{949C9D4C-F6FF-42E9-AED8-8C0E5807F55D}.Release|x64.Build.0 = Release|x64
		{949C9D4C-F6FF-42E9-AED8-8C0E5807F55D}.Release|x86.ActiveCfg = Release|Win32
		{949C9D4C-F6FF-42E9-AED8-8C0E5807F55D}.Release|x86.Build.0 = Release|Win32
		{AF7D5616-7C38-4449-93EA-AF0EB213E11E}.Debug|x64.ActiveCfg = Debug|x64
		{AF7D5616-7C38-4449-93EA-AF0EB213E11E}.Debug|x64.Build.0 = Debug|x64
		{AF7D5616-7C38-4449-93EA-AF0EB213E11E}.Debug|x86.ActiveCfg = Debug|Win32
		{AF7D5616-7C38-4449-93EA-AF0EB213E11E}.Debug|x86.Build.0 = Debug|Win32
		{AF7D5616-7C38-4449-93EA-AF0EB213E11E}.Release|x64.ActiveCfg = Release|x64
		{AF7D5616-7C38-4449-93EA-AF0EB213E11E}.Release|x64.Build.0 = Release|x64
		{AF7D5616-7C38-4449-93EA-AF0EB213E11E}.Release|x86.ActiveCfg = Release|Win32
		{AF7D5616-7C38-4449-93EA-AF0EB213E11E}.Release|x86.Build.0 = Release|Win32
		{AEB457F8-4C1B-44E5-B997-92E9BDBC64BB}.Debug|x64.ActiveCfg = Debug|x64
		{AEB457F8-4C1B-44E5-B997-92E9BDBC64BB}.Debug|x64.Build.0 = Debug|x64
		{AEB457F8-4C1B-44E5-B997-92E9BDBC64BB}.Debug|x86.ActiveCfg = Debug|Win32
		{AEB457F8-4C1B-44E5-B997-92E9BDBC64BB}.Debug|x86.Build.0 = Debug|Win32
		{AEB457F8-4C1B-44E5-B997-92E9BDBC64BB}.Release|x64.ActiveCfg = Release|x64
		{AEB457F8-4C1B-44E5-B997-92E9BDBC64BB}.Release|x64.Build.0 = Release|x64
		{AEB457F8-4C1B-44E5-B997-92E9BDBC64BB}.Release|x86.ActiveCfg = Release|Win32
		{AEB457F8-4C1B-44E5-B997-92E9BDBC64BB}.Release|x86.Build.0 = Release|Win32
		{D7EA5B44-1A89-418C-A85A-907E1B178828}.Debug|x64.ActiveCfg = Debug|x64
		{D7EA5B44-1A89-418C-A85A-907E1B178828}.Debug|x64.Build.0 = Debug|x64
		{D7EA5B44-1A89-418C-A85A-907E1B178828}.Debug|x86.ActiveCfg = Debug|Win32
		{D7EA5B44-1A89-418C-A85A-907E1B178828}.Debug|x86.Build.0 = Debug|Win32
		{D7EA5B44-1A89-418C-A85A-907E1B178828}.Release|x64.ActiveCfg = Release|x64
		{D7EA5B44-1A89-418C-A85A-907E1B178828}.Release|x64.Build.0 = Release|x64
		{D7EA5B44-1A89-418C-A85A-907E1B178828}.Release|x86.ActiveCfg = Release|Win32
		{D7EA5B44-1A89-418C-A85A-907E1B178828}.Release|x86.Build.0 = Release|Win32
		{BC5BE7D4-1914-49C0-9ABE-D5B6353C5A24}.Debug|x64.ActiveCfg = Debug|x64
		{BC5BE7D4-1914-49C0-9ABE-D5B6353C5A24}.Debug|x64.Build.0 = Debug|x64
		{BC5BE7D4-1914-49C0-9ABE-D5B6353C5A24}.Debug|x86.ActiveCfg = Debug|Win32
		{BC5BE7D4-1914-49C0-9ABE-D5B6353C5A24}.Debug|x86.Build.0 = Debug|Win32
		{BC5BE7D4-1914-49C0-9ABE-D5B6353C5A24}.Release|x64.ActiveCfg = Release|x64
		{BC5BE7D4-1914-49C0-9ABE-D5B6353C5A24}.Release|x64.Build.0 = Release|x64
		{BC5BE7D4-1914-49C0-9ABE-D5B6353C5A24}.Release|x86.ActiveCfg = Release|Win32
		{BC5BE7D4-1914-49C0-9ABE-D5B6353C5A24}.Release|x86.Build.0 = Release|Win32
		{33AB9102-EFC3-48D0-8799-BAFC70051832}.Debug|x64.ActiveCfg = Debug|x64
		{33AB9102-EFC3-48D0-8799-BAFC70051832}.Debug|x64.Build.0 = Debug|x64
		{33AB9102-EFC3-48D0-8799-BAFC70051832}.Debug|x86.ActiveCfg = Debug|Win32
		{33AB9102-EFC3-48D0-8799-BAFC70051832}.Debug|x86.Build.0 = Debug|Win32
		{33AB9102-EFC3-48D0-8799-BAFC70051832}.Release|x64.ActiveCfg = Release|x64
		{33AB9102-EFC3-48D0-8799-BAFC70051832}.Release|x64.Build.0 = Release|x64
		{33AB9102-EFC3-48D0-8799-BAFC70051832}.Release|x86.ActiveCfg = Release|Win32
		{33AB9102-EFC3-48D0-8799-BAFC70051832}.Release|x86.Build.0 = Release|Win32
		{1522A15E-5B3C-4D47-B51D-505D62895B84}.Debug|x64.ActiveCfg = Debug|x64
		{1522A15E-5B3C-4D47-B51D-505D62895B84}.Debug|x64.Build.0 = Debug|x64
		{1522A15E-5B3C-4D47-B51D-505D62895B84}.Debug|x86.ActiveCfg = Debug|Win32
		{1522A15E-5B3C-4D47-B51D-505D62895B84}.Debug|x86.Build.0 = Debug|Win32
		{1522A15E-5B3C-4D47-B51D-505D62895B84}.Release|x64.ActiveCfg = Release|x64
		{1522A15E-5B3C-4D47-B51D-505D62895B84}.Release|x64.Build.0 = Release|x64
		{1522A15E-5B3C-4D47-B51D-505D62895B84}.Release|x86.ActiveCfg = Release|Win32
		{1522A15E-5B3C-4D47-B51D-505D62895B84}.Release|x86.Build.0 = Release|Win32
		{EBDE7D2F-3B5C-4D25-BEE8-EDA19E9931A8}.Debug|x64.ActiveCfg = Debug|x64
		{EBDE7D2F-3B5C-4D25-BEE8-EDA19E9931A8}.Debug|x64.Build.0 = Debug|x64
		{EBDE7D2F-3B5C-4D25-BEE8-EDA19E9931A8}.Debug|x86.ActiveCfg = Debug|Win32
		{EBDE7D2F-3B5C-4D25-BEE8-EDA19E9931A8}.Debug|x86.Build.0 = Debug|Win32
		{EBDE7D2F-3B5C-4D25-BEE8-EDA19E9931A8}.Release|x64.ActiveCfg = Release|x64
		{EBDE7D2F-3B5C-4D25-BEE8-EDA19E9931A8}.Release|x64.Build.0 = Release|x64
		{EBDE7D2F-3B5C-4D25-BEE8-EDA19E9931A8}.Release|x86.ActiveCfg = Release|Win32
		{EBDE7D2F-3B5C-4D25-BEE8-EDA19E9931A8}.Release|x86.Build.0 = Release|Win32
		{2CEF40D5-22FB-4B75-88DF-754B1648A5A1}.Debug|x64.ActiveCfg = Debug|x64
		{2CEF40D5-22FB-4B75-88DF-754B1648A5A1}.Debug|x64.Build.0 = Debug|x64
		{2CEF40D5-22FB-4B75-88DF-754B1648A5A1}.Debug|x86.ActiveCfg = Debug|Win32
		{2CEF40D5-22FB-4B75-88DF-754B1648A5A1}.Debug|x86.Build.0 = Debug|Win32
		{2CEF40D5-22FB-4B75-88DF-754B1648A5A1}.Release|x64.ActiveCfg = Release|x64
		{2CEF40D5-22FB-4B75-88DF-754B1648A5A1}.Release|x64.Build.0 = Release|x64
		{2CEF40D5-22FB-4B75-88DF-754B1648A5A1}.Release|x86.ActiveCfg = Release|Win32
		{2CEF40D5-22FB-4B75-88DF-754B1648A5A1}.Release|x86.Build.0 = Release|Win32
		{ABC5EB8F-A3B1-4682-9F83-F9F0868BB6D9}.Debug|x64.ActiveCfg = Debug|x64
		{ABC5EB8F-A3B1-4682-9F83-F9F0868BB6D9}.Debug|x64.Build.0 = Debug|x64
		{ABC5EB8F-A3B1-4682-9F83-F9F0868BB6D9}.Debug|x86.ActiveCfg = Debug|Win32
		{ABC5EB8F-A3B1-4682-9F83-F9F0868BB6D9}.Debug|x86.Build.0 = Debug|Win32
		{ABC5EB8F-A3B1-4682-9F83-F9F0868BB6D9}.Release|x64.ActiveCfg = Release|x64
		{ABC5EB8F-A3B1-4682-9F83-F9F0868BB6D9}.Release|x64.Build.0 = Release|x64
		{ABC5EB8F-A3B1-4682-9F83-F9F0868BB6D9}.Release|x86.ActiveCfg = Release|Win32
		{ABC5EB8F-A3B1-4682-9F83-F9F0868BB6D9}.Release|x86.Build.0 = Release|Win32
		{D660D086-B8C6-494E-9D40-E5BFD71A0CB9}.Debug|x64.ActiveCfg = Debug|x64
		{D660D086-B8C6-494E-9D40-E5BFD71A0CB9}.Debug|x64.Build.0 = Debug|x64
		{D660D086-B8C6-494E-9D40-E5BFD71A0CB9}.Debug|x86.ActiveCfg = Debug|Win32
		{D660D086-B8C6-494E-9D40-E5BFD71A0CB9}.Debug|x86.Build.0 = Debug|Win32
		{D660D086-B8C6-494E-9D40-E5BFD71A0CB9}.Release|x64.ActiveCfg = Release|x64
		{D660D086-B8C6-494E-9D40-E5BFD71A0CB9}.Release|x64.Build.0 = Release|x64
		{D660D086-B8C6-494E-9D40-E5BFD71A0CB9}.Release|x86.ActiveCfg = Release|Win32
		{D660D086-B8C6-494E-9D40-E5BFD71A0CB9}.Release|x86.Build.0 = Release|Win32
	EndGlobalSection
	GlobalSection(SolutionProperties) = preSolution
		HideSolutionNode = FALSE
	EndGlobalSection
EndGlobal
