
Microsoft Visual Studio Solution File, Format Version 12.00
# Visual Studio 15
VisualStudioVersion = 15.0.26430.14
MinimumVisualStudioVersion = 10.0.40219.1
Project("{8BC9CEB8-8B4A-11D0-8D11-00A0C91BC942}") = "exam1", "exam1\exam1.vcxproj", "{250910BA-DBCD-470B-9CEF-137C38572229}"
EndProject
Project("{8BC9CEB8-8B4A-11D0-8D11-00A0C91BC942}") = "exam2", "exam2\exam2.vcxproj", "{C57AC980-7C13-4DC4-B1EB-455794116BB1}"
EndProject
Project("{8BC9CEB8-8B4A-11D0-8D11-00A0C91BC942}") = "exam3", "exam3\exam3.vcxproj", "{93350360-15A0-455A-9C04-1192DBBC787F}"
EndProject
Project("{8BC9CEB8-8B4A-11D0-8D11-00A0C91BC942}") = "exam4", "exam4\exam4.vcxproj", "{465ADA9A-F10F-4611-9AC7-CAB9512AC496}"
EndProject
Project("{8BC9CEB8-8B4A-11D0-8D11-00A0C91BC942}") = "exam5", "exam5\exam5.vcxproj", "{6F311B12-B7A0-441F-B907-A4B89DAEBE26}"
EndProject
Project("{8BC9CEB8-8B4A-11D0-8D11-00A0C91BC942}") = "exam6", "exam6\exam6.vcxproj", "{1A37D2E8-B766-4875-9655-5A2C9EC2D4BF}"
EndProject
Project("{8BC9CEB8-8B4A-11D0-8D11-00A0C91BC942}") = "exam7", "exam7\exam7.vcxproj", "{92E44622-F8D8-4F92-8B12-D2E5E8D2BA63}"
EndProject
Project("{8BC9CEB8-8B4A-11D0-8D11-00A0C91BC942}") = "exam8", "exam8\exam8.vcxproj", "{D79D768C-A05A-4BEB-94FE-68BB14B0B45E}"
EndProject
Project("{8BC9CEB8-8B4A-11D0-8D11-00A0C91BC942}") = "exam9_memo", "exam9_memo\exam9_memo.vcxproj", "{496FB50D-95F8-48BF-AB44-992476C12EAE}"
EndProject
Global
	GlobalSection(SolutionConfigurationPlatforms) = preSolution
		Debug|x64 = Debug|x64
		Debug|x86 = Debug|x86
		Release|x64 = Release|x64
		Release|x86 = Release|x86
	EndGlobalSection
	GlobalSection(ProjectConfigurationPlatforms) = postSolution
		{250910BA-DBCD-470B-9CEF-137C38572229}.Debug|x64.ActiveCfg = Debug|x64
		{250910BA-DBCD-470B-9CEF-137C38572229}.Debug|x64.Build.0 = Debug|x64
		{250910BA-DBCD-470B-9CEF-137C38572229}.Debug|x86.ActiveCfg = Debug|Win32
		{250910BA-DBCD-470B-9CEF-137C38572229}.Debug|x86.Build.0 = Debug|Win32
		{250910BA-DBCD-470B-9CEF-137C38572229}.Release|x64.ActiveCfg = Release|x64
		{250910BA-DBCD-470B-9CEF-137C38572229}.Release|x64.Build.0 = Release|x64
		{250910BA-DBCD-470B-9CEF-137C38572229}.Release|x86.ActiveCfg = Release|Win32
		{250910BA-DBCD-470B-9CEF-137C38572229}.Release|x86.Build.0 = Release|Win32
		{C57AC980-7C13-4DC4-B1EB-455794116BB1}.Debug|x64.ActiveCfg = Debug|x64
		{C57AC980-7C13-4DC4-B1EB-455794116BB1}.Debug|x64.Build.0 = Debug|x64
		{C57AC980-7C13-4DC4-B1EB-455794116BB1}.Debug|x86.ActiveCfg = Debug|Win32
		{C57AC980-7C13-4DC4-B1EB-455794116BB1}.Debug|x86.Build.0 = Debug|Win32
		{C57AC980-7C13-4DC4-B1EB-455794116BB1}.Release|x64.ActiveCfg = Release|x64
		{C57AC980-7C13-4DC4-B1EB-455794116BB1}.Release|x64.Build.0 = Release|x64
		{C57AC980-7C13-4DC4-B1EB-455794116BB1}.Release|x86.ActiveCfg = Release|Win32
		{C57AC980-7C13-4DC4-B1EB-455794116BB1}.Release|x86.Build.0 = Release|Win32
		{93350360-15A0-455A-9C04-1192DBBC787F}.Debug|x64.ActiveCfg = Debug|x64
		{93350360-15A0-455A-9C04-1192DBBC787F}.Debug|x64.Build.0 = Debug|x64
		{93350360-15A0-455A-9C04-1192DBBC787F}.Debug|x86.ActiveCfg = Debug|Win32
		{93350360-15A0-455A-9C04-1192DBBC787F}.Debug|x86.Build.0 = Debug|Win32
		{93350360-15A0-455A-9C04-1192DBBC787F}.Release|x64.ActiveCfg = Release|x64
		{93350360-15A0-455A-9C04-1192DBBC787F}.Release|x64.Build.0 = Release|x64
		{93350360-15A0-455A-9C04-1192DBBC787F}.Release|x86.ActiveCfg = Release|Win32
		{93350360-15A0-455A-9C04-1192DBBC787F}.Release|x86.Build.0 = Release|Win32
		{465ADA9A-F10F-4611-9AC7-CAB9512AC496}.Debug|x64.ActiveCfg = Debug|x64
		{465ADA9A-F10F-4611-9AC7-CAB9512AC496}.Debug|x64.Build.0 = Debug|x64
		{465ADA9A-F10F-4611-9AC7-CAB9512AC496}.Debug|x86.ActiveCfg = Debug|Win32
		{465ADA9A-F10F-4611-9AC7-CAB9512AC496}.Debug|x86.Build.0 = Debug|Win32
		{465ADA9A-F10F-4611-9AC7-CAB9512AC496}.Release|x64.ActiveCfg = Release|x64
		{465ADA9A-F10F-4611-9AC7-CAB9512AC496}.Release|x64.Build.0 = Release|x64
		{465ADA9A-F10F-4611-9AC7-CAB9512AC496}.Release|x86.ActiveCfg = Release|Win32
		{465ADA9A-F10F-4611-9AC7-CAB9512AC496}.Release|x86.Build.0 = Release|Win32
		{6F311B12-B7A0-441F-B907-A4B89DAEBE26}.Debug|x64.ActiveCfg = Debug|x64
		{6F311B12-B7A0-441F-B907-A4B89DAEBE26}.Debug|x64.Build.0 = Debug|x64
		{6F311B12-B7A0-441F-B907-A4B89DAEBE26}.Debug|x86.ActiveCfg = Debug|Win32
		{6F311B12-B7A0-441F-B907-A4B89DAEBE26}.Debug|x86.Build.0 = Debug|Win32
		{6F311B12-B7A0-441F-B907-A4B89DAEBE26}.Release|x64.ActiveCfg = Release|x64
		{6F311B12-B7A0-441F-B907-A4B89DAEBE26}.Release|x64.Build.0 = Release|x64
		{6F311B12-B7A0-441F-B907-A4B89DAEBE26}.Release|x86.ActiveCfg = Release|Win32
		{6F311B12-B7A0-441F-B907-A4B89DAEBE26}.Release|x86.Build.0 = Release|Win32
		{1A37D2E8-B766-4875-9655-5A2C9EC2D4BF}.Debug|x64.ActiveCfg = Debug|x64
		{1A37D2E8-B766-4875-9655-5A2C9EC2D4BF}.Debug|x64.Build.0 = Debug|x64
		{1A37D2E8-B766-4875-9655-5A2C9EC2D4BF}.Debug|x86.ActiveCfg = Debug|Win32
		{1A37D2E8-B766-4875-9655-5A2C9EC2D4BF}.Debug|x86.Build.0 = Debug|Win32
		{1A37D2E8-B766-4875-9655-5A2C9EC2D4BF}.Release|x64.ActiveCfg = Release|x64
		{1A37D2E8-B766-4875-9655-5A2C9EC2D4BF}.Release|x64.Build.0 = Release|x64
		{1A37D2E8-B766-4875-9655-5A2C9EC2D4BF}.Release|x86.ActiveCfg = Release|Win32
		{1A37D2E8-B766-4875-9655-5A2C9EC2D4BF}.Release|x86.Build.0 = Release|Win32
		{92E44622-F8D8-4F92-8B12-D2E5E8D2BA63}.Debug|x64.ActiveCfg = Debug|x64
		{92E44622-F8D8-4F92-8B12-D2E5E8D2BA63}.Debug|x64.Build.0 = Debug|x64
		{92E44622-F8D8-4F92-8B12-D2E5E8D2BA63}.Debug|x86.ActiveCfg = Debug|Win32
		{92E44622-F8D8-4F92-8B12-D2E5E8D2BA63}.Debug|x86.Build.0 = Debug|Win32
		{92E44622-F8D8-4F92-8B12-D2E5E8D2BA63}.Release|x64.ActiveCfg = Release|x64
		{92E44622-F8D8-4F92-8B12-D2E5E8D2BA63}.Release|x64.Build.0 = Release|x64
		{92E44622-F8D8-4F92-8B12-D2E5E8D2BA63}.Release|x86.ActiveCfg = Release|Win32
		{92E44622-F8D8-4F92-8B12-D2E5E8D2BA63}.Release|x86.Build.0 = Release|Win32
		{D79D768C-A05A-4BEB-94FE-68BB14B0B45E}.Debug|x64.ActiveCfg = Debug|x64
		{D79D768C-A05A-4BEB-94FE-68BB14B0B45E}.Debug|x64.Build.0 = Debug|x64
		{D79D768C-A05A-4BEB-94FE-68BB14B0B45E}.Debug|x86.ActiveCfg = Debug|Win32
		{D79D768C-A05A-4BEB-94FE-68BB14B0B45E}.Debug|x86.Build.0 = Debug|Win32
		{D79D768C-A05A-4BEB-94FE-68BB14B0B45E}.Release|x64.ActiveCfg = Release|x64
		{D79D768C-A05A-4BEB-94FE-68BB14B0B45E}.Release|x64.Build.0 = Release|x64
		{D79D768C-A05A-4BEB-94FE-68BB14B0B45E}.Release|x86.ActiveCfg = Release|Win32
		{D79D768C-A05A-4BEB-94FE-68BB14B0B45E}.Release|x86.Build.0 = Release|Win32
		{496FB50D-95F8-48BF-AB44-992476C12EAE}.Debug|x64.ActiveCfg = Debug|x64
		{496FB50D-95F8-48BF-AB44-992476C12EAE}.Debug|x64.Build.0 = Debug|x64
		{496FB50D-95F8-48BF-AB44-992476C12EAE}.Debug|x86.ActiveCfg = Debug|Win32
		{496FB50D-95F8-48BF-AB44-992476C12EAE}.Debug|x86.Build.0 = Debug|Win32
		{496FB50D-95F8-48BF-AB44-992476C12EAE}.Release|x64.ActiveCfg = Release|x64
		{496FB50D-95F8-48BF-AB44-992476C12EAE}.Release|x64.Build.0 = Release|x64
		{496FB50D-95F8-48BF-AB44-992476C12EAE}.Release|x86.ActiveCfg = Release|Win32
		{496FB50D-95F8-48BF-AB44-992476C12EAE}.Release|x86.Build.0 = Release|Win32
	EndGlobalSection
	GlobalSection(SolutionProperties) = preSolution
		HideSolutionNode = FALSE
	EndGlobalSection
EndGlobal
