
Microsoft Visual Studio Solution File, Format Version 12.00
# Visual Studio 15
VisualStudioVersion = 15.0.26430.14
MinimumVisualStudioVersion = 10.0.40219.1
Project("{8BC9CEB8-8B4A-11D0-8D11-00A0C91BC942}") = "exam1", "exam1\exam1.vcxproj", "{BE141D8E-031D-4058-AFE6-D3A4104B6C6E}"
EndProject
Project("{8BC9CEB8-8B4A-11D0-8D11-00A0C91BC942}") = "exan2", "exan2\exan2.vcxproj", "{4325AE63-BDBA-4A93-B812-0551495F5D90}"
EndProject
Project("{8BC9CEB8-8B4A-11D0-8D11-00A0C91BC942}") = "exam3", "exam3\exam3.vcxproj", "{034DC149-38E7-43C6-A255-C4000EAFD784}"
EndProject
Project("{8BC9CEB8-8B4A-11D0-8D11-00A0C91BC942}") = "exam4", "exam4\exam4.vcxproj", "{45732011-8180-45ED-AB74-3E7097972CC9}"
EndProject
Project("{8BC9CEB8-8B4A-11D0-8D11-00A0C91BC942}") = "exam5", "exam5\exam5.vcxproj", "{B0A3B6EF-AAB6-45E1-BA04-68658358514C}"
EndProject
Project("{8BC9CEB8-8B4A-11D0-8D11-00A0C91BC942}") = "exam6", "exam6\exam6.vcxproj", "{96D8E77B-A2BF-4069-89AA-66EC8B6B3353}"
EndProject
Project("{8BC9CEB8-8B4A-11D0-8D11-00A0C91BC942}") = "exam7", "exam7\exam7.vcxproj", "{F788A887-5B1A-494B-82A5-77D2312BABE4}"
EndProject
Project("{8BC9CEB8-8B4A-11D0-8D11-00A0C91BC942}") = "exam8", "exam8\exam8.vcxproj", "{B774CD84-CB42-4588-9B7F-73374A7AEA91}"
EndProject
Project("{8BC9CEB8-8B4A-11D0-8D11-00A0C91BC942}") = "exam9", "exam9\exam9.vcxproj", "{0537EA10-41A8-468B-83C8-0F1F74EACE43}"
EndProject
Global
	GlobalSection(SolutionConfigurationPlatforms) = preSolution
		Debug|x64 = Debug|x64
		Debug|x86 = Debug|x86
		Release|x64 = Release|x64
		Release|x86 = Release|x86
	EndGlobalSection
	GlobalSection(ProjectConfigurationPlatforms) = postSolution
		{BE141D8E-031D-4058-AFE6-D3A4104B6C6E}.Debug|x64.ActiveCfg = Debug|x64
		{BE141D8E-031D-4058-AFE6-D3A4104B6C6E}.Debug|x64.Build.0 = Debug|x64
		{BE141D8E-031D-4058-AFE6-D3A4104B6C6E}.Debug|x86.ActiveCfg = Debug|Win32
		{BE141D8E-031D-4058-AFE6-D3A4104B6C6E}.Debug|x86.Build.0 = Debug|Win32
		{BE141D8E-031D-4058-AFE6-D3A4104B6C6E}.Release|x64.ActiveCfg = Release|x64
		{BE141D8E-031D-4058-AFE6-D3A4104B6C6E}.Release|x64.Build.0 = Release|x64
		{BE141D8E-031D-4058-AFE6-D3A4104B6C6E}.Release|x86.ActiveCfg = Release|Win32
		{BE141D8E-031D-4058-AFE6-D3A4104B6C6E}.Release|x86.Build.0 = Release|Win32
		{4325AE63-BDBA-4A93-B812-0551495F5D90}.Debug|x64.ActiveCfg = Debug|x64
		{4325AE63-BDBA-4A93-B812-0551495F5D90}.Debug|x64.Build.0 = Debug|x64
		{4325AE63-BDBA-4A93-B812-0551495F5D90}.Debug|x86.ActiveCfg = Debug|Win32
		{4325AE63-BDBA-4A93-B812-0551495F5D90}.Debug|x86.Build.0 = Debug|Win32
		{4325AE63-BDBA-4A93-B812-0551495F5D90}.Release|x64.ActiveCfg = Release|x64
		{4325AE63-BDBA-4A93-B812-0551495F5D90}.Release|x64.Build.0 = Release|x64
		{4325AE63-BDBA-4A93-B812-0551495F5D90}.Release|x86.ActiveCfg = Release|Win32
		{4325AE63-BDBA-4A93-B812-0551495F5D90}.Release|x86.Build.0 = Release|Win32
		{034DC149-38E7-43C6-A255-C4000EAFD784}.Debug|x64.ActiveCfg = Debug|x64
		{034DC149-38E7-43C6-A255-C4000EAFD784}.Debug|x64.Build.0 = Debug|x64
		{034DC149-38E7-43C6-A255-C4000EAFD784}.Debug|x86.ActiveCfg = Debug|Win32
		{034DC149-38E7-43C6-A255-C4000EAFD784}.Debug|x86.Build.0 = Debug|Win32
		{034DC149-38E7-43C6-A255-C4000EAFD784}.Release|x64.ActiveCfg = Release|x64
		{034DC149-38E7-43C6-A255-C4000EAFD784}.Release|x64.Build.0 = Release|x64
		{034DC149-38E7-43C6-A255-C4000EAFD784}.Release|x86.ActiveCfg = Release|Win32
		{034DC149-38E7-43C6-A255-C4000EAFD784}.Release|x86.Build.0 = Release|Win32
		{45732011-8180-45ED-AB74-3E7097972CC9}.Debug|x64.ActiveCfg = Debug|x64
		{45732011-8180-45ED-AB74-3E7097972CC9}.Debug|x64.Build.0 = Debug|x64
		{45732011-8180-45ED-AB74-3E7097972CC9}.Debug|x86.ActiveCfg = Debug|Win32
		{45732011-8180-45ED-AB74-3E7097972CC9}.Debug|x86.Build.0 = Debug|Win32
		{45732011-8180-45ED-AB74-3E7097972CC9}.Release|x64.ActiveCfg = Release|x64
		{45732011-8180-45ED-AB74-3E7097972CC9}.Release|x64.Build.0 = Release|x64
		{45732011-8180-45ED-AB74-3E7097972CC9}.Release|x86.ActiveCfg = Release|Win32
		{45732011-8180-45ED-AB74-3E7097972CC9}.Release|x86.Build.0 = Release|Win32
		{B0A3B6EF-AAB6-45E1-BA04-68658358514C}.Debug|x64.ActiveCfg = Debug|x64
		{B0A3B6EF-AAB6-45E1-BA04-68658358514C}.Debug|x64.Build.0 = Debug|x64
		{B0A3B6EF-AAB6-45E1-BA04-68658358514C}.Debug|x86.ActiveCfg = Debug|Win32
		{B0A3B6EF-AAB6-45E1-BA04-68658358514C}.Debug|x86.Build.0 = Debug|Win32
		{B0A3B6EF-AAB6-45E1-BA04-68658358514C}.Release|x64.ActiveCfg = Release|x64
		{B0A3B6EF-AAB6-45E1-BA04-68658358514C}.Release|x64.Build.0 = Release|x64
		{B0A3B6EF-AAB6-45E1-BA04-68658358514C}.Release|x86.ActiveCfg = Release|Win32
		{B0A3B6EF-AAB6-45E1-BA04-68658358514C}.Release|x86.Build.0 = Release|Win32
		{96D8E77B-A2BF-4069-89AA-66EC8B6B3353}.Debug|x64.ActiveCfg = Debug|x64
		{96D8E77B-A2BF-4069-89AA-66EC8B6B3353}.Debug|x64.Build.0 = Debug|x64
		{96D8E77B-A2BF-4069-89AA-66EC8B6B3353}.Debug|x86.ActiveCfg = Debug|Win32
		{96D8E77B-A2BF-4069-89AA-66EC8B6B3353}.Debug|x86.Build.0 = Debug|Win32
		{96D8E77B-A2BF-4069-89AA-66EC8B6B3353}.Release|x64.ActiveCfg = Release|x64
		{96D8E77B-A2BF-4069-89AA-66EC8B6B3353}.Release|x64.Build.0 = Release|x64
		{96D8E77B-A2BF-4069-89AA-66EC8B6B3353}.Release|x86.ActiveCfg = Release|Win32
		{96D8E77B-A2BF-4069-89AA-66EC8B6B3353}.Release|x86.Build.0 = Release|Win32
		{F788A887-5B1A-494B-82A5-77D2312BABE4}.Debug|x64.ActiveCfg = Debug|x64
		{F788A887-5B1A-494B-82A5-77D2312BABE4}.Debug|x64.Build.0 = Debug|x64
		{F788A887-5B1A-494B-82A5-77D2312BABE4}.Debug|x86.ActiveCfg = Debug|Win32
		{F788A887-5B1A-494B-82A5-77D2312BABE4}.Debug|x86.Build.0 = Debug|Win32
		{F788A887-5B1A-494B-82A5-77D2312BABE4}.Release|x64.ActiveCfg = Release|x64
		{F788A887-5B1A-494B-82A5-77D2312BABE4}.Release|x64.Build.0 = Release|x64
		{F788A887-5B1A-494B-82A5-77D2312BABE4}.Release|x86.ActiveCfg = Release|Win32
		{F788A887-5B1A-494B-82A5-77D2312BABE4}.Release|x86.Build.0 = Release|Win32
		{B774CD84-CB42-4588-9B7F-73374A7AEA91}.Debug|x64.ActiveCfg = Debug|x64
		{B774CD84-CB42-4588-9B7F-73374A7AEA91}.Debug|x64.Build.0 = Debug|x64
		{B774CD84-CB42-4588-9B7F-73374A7AEA91}.Debug|x86.ActiveCfg = Debug|Win32
		{B774CD84-CB42-4588-9B7F-73374A7AEA91}.Debug|x86.Build.0 = Debug|Win32
		{B774CD84-CB42-4588-9B7F-73374A7AEA91}.Release|x64.ActiveCfg = Release|x64
		{B774CD84-CB42-4588-9B7F-73374A7AEA91}.Release|x64.Build.0 = Release|x64
		{B774CD84-CB42-4588-9B7F-73374A7AEA91}.Release|x86.ActiveCfg = Release|Win32
		{B774CD84-CB42-4588-9B7F-73374A7AEA91}.Release|x86.Build.0 = Release|Win32
		{0537EA10-41A8-468B-83C8-0F1F74EACE43}.Debug|x64.ActiveCfg = Debug|x64
		{0537EA10-41A8-468B-83C8-0F1F74EACE43}.Debug|x64.Build.0 = Debug|x64
		{0537EA10-41A8-468B-83C8-0F1F74EACE43}.Debug|x86.ActiveCfg = Debug|Win32
		{0537EA10-41A8-468B-83C8-0F1F74EACE43}.Debug|x86.Build.0 = Debug|Win32
		{0537EA10-41A8-468B-83C8-0F1F74EACE43}.Release|x64.ActiveCfg = Release|x64
		{0537EA10-41A8-468B-83C8-0F1F74EACE43}.Release|x64.Build.0 = Release|x64
		{0537EA10-41A8-468B-83C8-0F1F74EACE43}.Release|x86.ActiveCfg = Release|Win32
		{0537EA10-41A8-468B-83C8-0F1F74EACE43}.Release|x86.Build.0 = Release|Win32
	EndGlobalSection
	GlobalSection(SolutionProperties) = preSolution
		HideSolutionNode = FALSE
	EndGlobalSection
EndGlobal
