
Microsoft Visual Studio Solution File, Format Version 12.00
# Visual Studio 15
VisualStudioVersion = 15.0.26430.14
MinimumVisualStudioVersion = 10.0.40219.1
Project("{8BC9CEB8-8B4A-11D0-8D11-00A0C91BC942}") = "exan1", "exan1\exan1.vcxproj", "{F8034D49-42F2-4B54-BDA2-5009AC615479}"
EndProject
Project("{8BC9CEB8-8B4A-11D0-8D11-00A0C91BC942}") = "exam2", "exam2\exam2.vcxproj", "{57BAB886-D78D-4697-83CE-7E9AEF3B29A8}"
EndProject
Project("{8BC9CEB8-8B4A-11D0-8D11-00A0C91BC942}") = "exam3", "exam3\exam3.vcxproj", "{43FDD24B-0228-4E8E-8501-F7300F032BC7}"
EndProject
Project("{8BC9CEB8-8B4A-11D0-8D11-00A0C91BC942}") = "exam4", "exam4\exam4.vcxproj", "{C63BA755-4EB5-4062-A84C-3F38CF671B2F}"
EndProject
Project("{8BC9CEB8-8B4A-11D0-8D11-00A0C91BC942}") = "exam5", "exam5\exam5.vcxproj", "{8850A5C3-6D59-4F5F-BB32-6128ADCF0D00}"
EndProject
Project("{8BC9CEB8-8B4A-11D0-8D11-00A0C91BC942}") = "exam6", "exam6\exam6.vcxproj", "{31AD0B49-5612-4742-A466-6A719DB61B05}"
EndProject
Project("{8BC9CEB8-8B4A-11D0-8D11-00A0C91BC942}") = "exam7", "exam7\exam7.vcxproj", "{93165F4E-FD4A-4F63-83FD-139834837157}"
EndProject
Project("{8BC9CEB8-8B4A-11D0-8D11-00A0C91BC942}") = "exam8", "exam8\exam8.vcxproj", "{D2E0A05B-6C45-4A66-8518-89F83263F4F8}"
EndProject
Project("{8BC9CEB8-8B4A-11D0-8D11-00A0C91BC942}") = "exam9", "exam9\exam9.vcxproj", "{A4121DB8-E17A-41A2-96FE-81DFC63F303C}"
EndProject
Project("{8BC9CEB8-8B4A-11D0-8D11-00A0C91BC942}") = "exam10", "exam10\exam10.vcxproj", "{DBE2A671-CF9B-4FEB-ADFE-DF0CBE44D642}"
EndProject
Project("{8BC9CEB8-8B4A-11D0-8D11-00A0C91BC942}") = "exam11", "exam11\exam11.vcxproj", "{252DBF59-F91F-4516-A6E6-944DCE6DE107}"
EndProject
Global
	GlobalSection(SolutionConfigurationPlatforms) = preSolution
		Debug|x64 = Debug|x64
		Debug|x86 = Debug|x86
		Release|x64 = Release|x64
		Release|x86 = Release|x86
	EndGlobalSection
	GlobalSection(ProjectConfigurationPlatforms) = postSolution
		{F8034D49-42F2-4B54-BDA2-5009AC615479}.Debug|x64.ActiveCfg = Debug|x64
		{F8034D49-42F2-4B54-BDA2-5009AC615479}.Debug|x64.Build.0 = Debug|x64
		{F8034D49-42F2-4B54-BDA2-5009AC615479}.Debug|x86.ActiveCfg = Debug|Win32
		{F8034D49-42F2-4B54-BDA2-5009AC615479}.Debug|x86.Build.0 = Debug|Win32
		{F8034D49-42F2-4B54-BDA2-5009AC615479}.Release|x64.ActiveCfg = Release|x64
		{F8034D49-42F2-4B54-BDA2-5009AC615479}.Release|x64.Build.0 = Release|x64
		{F8034D49-42F2-4B54-BDA2-5009AC615479}.Release|x86.ActiveCfg = Release|Win32
		{F8034D49-42F2-4B54-BDA2-5009AC615479}.Release|x86.Build.0 = Release|Win32
		{57BAB886-D78D-4697-83CE-7E9AEF3B29A8}.Debug|x64.ActiveCfg = Debug|x64
		{57BAB886-D78D-4697-83CE-7E9AEF3B29A8}.Debug|x64.Build.0 = Debug|x64
		{57BAB886-D78D-4697-83CE-7E9AEF3B29A8}.Debug|x86.ActiveCfg = Debug|Win32
		{57BAB886-D78D-4697-83CE-7E9AEF3B29A8}.Debug|x86.Build.0 = Debug|Win32
		{57BAB886-D78D-4697-83CE-7E9AEF3B29A8}.Release|x64.ActiveCfg = Release|x64
		{57BAB886-D78D-4697-83CE-7E9AEF3B29A8}.Release|x64.Build.0 = Release|x64
		{57BAB886-D78D-4697-83CE-7E9AEF3B29A8}.Release|x86.ActiveCfg = Release|Win32
		{57BAB886-D78D-4697-83CE-7E9AEF3B29A8}.Release|x86.Build.0 = Release|Win32
		{43FDD24B-0228-4E8E-8501-F7300F032BC7}.Debug|x64.ActiveCfg = Debug|x64
		{43FDD24B-0228-4E8E-8501-F7300F032BC7}.Debug|x64.Build.0 = Debug|x64
		{43FDD24B-0228-4E8E-8501-F7300F032BC7}.Debug|x86.ActiveCfg = Debug|Win32
		{43FDD24B-0228-4E8E-8501-F7300F032BC7}.Debug|x86.Build.0 = Debug|Win32
		{43FDD24B-0228-4E8E-8501-F7300F032BC7}.Release|x64.ActiveCfg = Release|x64
		{43FDD24B-0228-4E8E-8501-F7300F032BC7}.Release|x64.Build.0 = Release|x64
		{43FDD24B-0228-4E8E-8501-F7300F032BC7}.Release|x86.ActiveCfg = Release|Win32
		{43FDD24B-0228-4E8E-8501-F7300F032BC7}.Release|x86.Build.0 = Release|Win32
		{C63BA755-4EB5-4062-A84C-3F38CF671B2F}.Debug|x64.ActiveCfg = Debug|x64
		{C63BA755-4EB5-4062-A84C-3F38CF671B2F}.Debug|x64.Build.0 = Debug|x64
		{C63BA755-4EB5-4062-A84C-3F38CF671B2F}.Debug|x86.ActiveCfg = Debug|Win32
		{C63BA755-4EB5-4062-A84C-3F38CF671B2F}.Debug|x86.Build.0 = Debug|Win32
		{C63BA755-4EB5-4062-A84C-3F38CF671B2F}.Release|x64.ActiveCfg = Release|x64
		{C63BA755-4EB5-4062-A84C-3F38CF671B2F}.Release|x64.Build.0 = Release|x64
		{C63BA755-4EB5-4062-A84C-3F38CF671B2F}.Release|x86.ActiveCfg = Release|Win32
		{C63BA755-4EB5-4062-A84C-3F38CF671B2F}.Release|x86.Build.0 = Release|Win32
		{8850A5C3-6D59-4F5F-BB32-6128ADCF0D00}.Debug|x64.ActiveCfg = Debug|x64
		{8850A5C3-6D59-4F5F-BB32-6128ADCF0D00}.Debug|x64.Build.0 = Debug|x64
		{8850A5C3-6D59-4F5F-BB32-6128ADCF0D00}.Debug|x86.ActiveCfg = Debug|Win32
		{8850A5C3-6D59-4F5F-BB32-6128ADCF0D00}.Debug|x86.Build.0 = Debug|Win32
		{8850A5C3-6D59-4F5F-BB32-6128ADCF0D00}.Release|x64.ActiveCfg = Release|x64
		{8850A5C3-6D59-4F5F-BB32-6128ADCF0D00}.Release|x64.Build.0 = Release|x64
		{8850A5C3-6D59-4F5F-BB32-6128ADCF0D00}.Release|x86.ActiveCfg = Release|Win32
		{8850A5C3-6D59-4F5F-BB32-6128ADCF0D00}.Release|x86.Build.0 = Release|Win32
		{31AD0B49-5612-4742-A466-6A719DB61B05}.Debug|x64.ActiveCfg = Debug|x64
		{31AD0B49-5612-4742-A466-6A719DB61B05}.Debug|x64.Build.0 = Debug|x64
		{31AD0B49-5612-4742-A466-6A719DB61B05}.Debug|x86.ActiveCfg = Debug|Win32
		{31AD0B49-5612-4742-A466-6A719DB61B05}.Debug|x86.Build.0 = Debug|Win32
		{31AD0B49-5612-4742-A466-6A719DB61B05}.Release|x64.ActiveCfg = Release|x64
		{31AD0B49-5612-4742-A466-6A719DB61B05}.Release|x64.Build.0 = Release|x64
		{31AD0B49-5612-4742-A466-6A719DB61B05}.Release|x86.ActiveCfg = Release|Win32
		{31AD0B49-5612-4742-A466-6A719DB61B05}.Release|x86.Build.0 = Release|Win32
		{93165F4E-FD4A-4F63-83FD-139834837157}.Debug|x64.ActiveCfg = Debug|x64
		{93165F4E-FD4A-4F63-83FD-139834837157}.Debug|x64.Build.0 = Debug|x64
		{93165F4E-FD4A-4F63-83FD-139834837157}.Debug|x86.ActiveCfg = Debug|Win32
		{93165F4E-FD4A-4F63-83FD-139834837157}.Debug|x86.Build.0 = Debug|Win32
		{93165F4E-FD4A-4F63-83FD-139834837157}.Release|x64.ActiveCfg = Release|x64
		{93165F4E-FD4A-4F63-83FD-139834837157}.Release|x64.Build.0 = Release|x64
		{93165F4E-FD4A-4F63-83FD-139834837157}.Release|x86.ActiveCfg = Release|Win32
		{93165F4E-FD4A-4F63-83FD-139834837157}.Release|x86.Build.0 = Release|Win32
		{D2E0A05B-6C45-4A66-8518-89F83263F4F8}.Debug|x64.ActiveCfg = Debug|x64
		{D2E0A05B-6C45-4A66-8518-89F83263F4F8}.Debug|x64.Build.0 = Debug|x64
		{D2E0A05B-6C45-4A66-8518-89F83263F4F8}.Debug|x86.ActiveCfg = Debug|Win32
		{D2E0A05B-6C45-4A66-8518-89F83263F4F8}.Debug|x86.Build.0 = Debug|Win32
		{D2E0A05B-6C45-4A66-8518-89F83263F4F8}.Release|x64.ActiveCfg = Release|x64
		{D2E0A05B-6C45-4A66-8518-89F83263F4F8}.Release|x64.Build.0 = Release|x64
		{D2E0A05B-6C45-4A66-8518-89F83263F4F8}.Release|x86.ActiveCfg = Release|Win32
		{D2E0A05B-6C45-4A66-8518-89F83263F4F8}.Release|x86.Build.0 = Release|Win32
		{A4121DB8-E17A-41A2-96FE-81DFC63F303C}.Debug|x64.ActiveCfg = Debug|x64
		{A4121DB8-E17A-41A2-96FE-81DFC63F303C}.Debug|x64.Build.0 = Debug|x64
		{A4121DB8-E17A-41A2-96FE-81DFC63F303C}.Debug|x86.ActiveCfg = Debug|Win32
		{A4121DB8-E17A-41A2-96FE-81DFC63F303C}.Debug|x86.Build.0 = Debug|Win32
		{A4121DB8-E17A-41A2-96FE-81DFC63F303C}.Release|x64.ActiveCfg = Release|x64
		{A4121DB8-E17A-41A2-96FE-81DFC63F303C}.Release|x64.Build.0 = Release|x64
		{A4121DB8-E17A-41A2-96FE-81DFC63F303C}.Release|x86.ActiveCfg = Release|Win32
		{A4121DB8-E17A-41A2-96FE-81DFC63F303C}.Release|x86.Build.0 = Release|Win32
		{DBE2A671-CF9B-4FEB-ADFE-DF0CBE44D642}.Debug|x64.ActiveCfg = Debug|x64
		{DBE2A671-CF9B-4FEB-ADFE-DF0CBE44D642}.Debug|x64.Build.0 = Debug|x64
		{DBE2A671-CF9B-4FEB-ADFE-DF0CBE44D642}.Debug|x86.ActiveCfg = Debug|Win32
		{DBE2A671-CF9B-4FEB-ADFE-DF0CBE44D642}.Debug|x86.Build.0 = Debug|Win32
		{DBE2A671-CF9B-4FEB-ADFE-DF0CBE44D642}.Release|x64.ActiveCfg = Release|x64
		{DBE2A671-CF9B-4FEB-ADFE-DF0CBE44D642}.Release|x64.Build.0 = Release|x64
		{DBE2A671-CF9B-4FEB-ADFE-DF0CBE44D642}.Release|x86.ActiveCfg = Release|Win32
		{DBE2A671-CF9B-4FEB-ADFE-DF0CBE44D642}.Release|x86.Build.0 = Release|Win32
		{252DBF59-F91F-4516-A6E6-944DCE6DE107}.Debug|x64.ActiveCfg = Debug|x64
		{252DBF59-F91F-4516-A6E6-944DCE6DE107}.Debug|x64.Build.0 = Debug|x64
		{252DBF59-F91F-4516-A6E6-944DCE6DE107}.Debug|x86.ActiveCfg = Debug|Win32
		{252DBF59-F91F-4516-A6E6-944DCE6DE107}.Debug|x86.Build.0 = Debug|Win32
		{252DBF59-F91F-4516-A6E6-944DCE6DE107}.Release|x64.ActiveCfg = Release|x64
		{252DBF59-F91F-4516-A6E6-944DCE6DE107}.Release|x64.Build.0 = Release|x64
		{252DBF59-F91F-4516-A6E6-944DCE6DE107}.Release|x86.ActiveCfg = Release|Win32
		{252DBF59-F91F-4516-A6E6-944DCE6DE107}.Release|x86.Build.0 = Release|Win32
	EndGlobalSection
	GlobalSection(SolutionProperties) = preSolution
		HideSolutionNode = FALSE
	EndGlobalSection
EndGlobal
