
Microsoft Visual Studio Solution File, Format Version 12.00
# Visual Studio 15
VisualStudioVersion = 15.0.26430.14
MinimumVisualStudioVersion = 10.0.40219.1
Project("{8BC9CEB8-8B4A-11D0-8D11-00A0C91BC942}") = "exam1", "exam1\exam1.vcxproj", "{C58D00E9-F5C9-4B1B-B765-DCD9DA0ED726}"
EndProject
Project("{8BC9CEB8-8B4A-11D0-8D11-00A0C91BC942}") = "exam2", "exam2\exam2.vcxproj", "{CFF88947-86AC-4693-8AC8-AC60201B0237}"
EndProject
Project("{8BC9CEB8-8B4A-11D0-8D11-00A0C91BC942}") = "exam3", "exam3\exam3.vcxproj", "{BE7D0705-730B-4224-B91D-D35ECAB4FD24}"
EndProject
Project("{8BC9CEB8-8B4A-11D0-8D11-00A0C91BC942}") = "exam4", "exam4\exam4.vcxproj", "{0933C884-10DE-4355-911B-FF49267B1EBD}"
EndProject
Project("{8BC9CEB8-8B4A-11D0-8D11-00A0C91BC942}") = "exam5", "exam5\exam5.vcxproj", "{D8DFBB43-F413-4132-869E-28444418351B}"
EndProject
Project("{8BC9CEB8-8B4A-11D0-8D11-00A0C91BC942}") = "exam6", "exam6\exam6.vcxproj", "{3BA1B7A7-FFFF-4B50-AFD4-F19A2A684208}"
EndProject
Project("{8BC9CEB8-8B4A-11D0-8D11-00A0C91BC942}") = "exam7", "exam7\exam7.vcxproj", "{BDD751E0-5DFD-41D9-BC98-BE32DE77AA3D}"
EndProject
Project("{8BC9CEB8-8B4A-11D0-8D11-00A0C91BC942}") = "exam8", "exam8\exam8.vcxproj", "{5455A151-12B1-4B29-B129-2BFA873D7A0C}"
EndProject
Project("{8BC9CEB8-8B4A-11D0-8D11-00A0C91BC942}") = "exam9", "exam9\exam9.vcxproj", "{37AE22E4-CE7A-40EB-A904-95165F1F3B2F}"
EndProject
Project("{8BC9CEB8-8B4A-11D0-8D11-00A0C91BC942}") = "exam10", "exam10\exam10.vcxproj", "{65ECE052-3D85-4B33-85D6-2D07942A2283}"
EndProject
Project("{8BC9CEB8-8B4A-11D0-8D11-00A0C91BC942}") = "exam11", "exam11\exam11.vcxproj", "{453234B3-5B79-4409-818D-25352FA16492}"
EndProject
Project("{8BC9CEB8-8B4A-11D0-8D11-00A0C91BC942}") = "exam12", "exam12\exam12.vcxproj", "{325FC1C3-AB54-4E3D-8D6E-B764CFD9A422}"
EndProject
Global
	GlobalSection(SolutionConfigurationPlatforms) = preSolution
		Debug|x64 = Debug|x64
		Debug|x86 = Debug|x86
		Release|x64 = Release|x64
		Release|x86 = Release|x86
	EndGlobalSection
	GlobalSection(ProjectConfigurationPlatforms) = postSolution
		{C58D00E9-F5C9-4B1B-B765-DCD9DA0ED726}.Debug|x64.ActiveCfg = Debug|x64
		{C58D00E9-F5C9-4B1B-B765-DCD9DA0ED726}.Debug|x64.Build.0 = Debug|x64
		{C58D00E9-F5C9-4B1B-B765-DCD9DA0ED726}.Debug|x86.ActiveCfg = Debug|Win32
		{C58D00E9-F5C9-4B1B-B765-DCD9DA0ED726}.Debug|x86.Build.0 = Debug|Win32
		{C58D00E9-F5C9-4B1B-B765-DCD9DA0ED726}.Release|x64.ActiveCfg = Release|x64
		{C58D00E9-F5C9-4B1B-B765-DCD9DA0ED726}.Release|x64.Build.0 = Release|x64
		{C58D00E9-F5C9-4B1B-B765-DCD9DA0ED726}.Release|x86.ActiveCfg = Release|Win32
		{C58D00E9-F5C9-4B1B-B765-DCD9DA0ED726}.Release|x86.Build.0 = Release|Win32
		{CFF88947-86AC-4693-8AC8-AC60201B0237}.Debug|x64.ActiveCfg = Debug|x64
		{CFF88947-86AC-4693-8AC8-AC60201B0237}.Debug|x64.Build.0 = Debug|x64
		{CFF88947-86AC-4693-8AC8-AC60201B0237}.Debug|x86.ActiveCfg = Debug|Win32
		{CFF88947-86AC-4693-8AC8-AC60201B0237}.Debug|x86.Build.0 = Debug|Win32
		{CFF88947-86AC-4693-8AC8-AC60201B0237}.Release|x64.ActiveCfg = Release|x64
		{CFF88947-86AC-4693-8AC8-AC60201B0237}.Release|x64.Build.0 = Release|x64
		{CFF88947-86AC-4693-8AC8-AC60201B0237}.Release|x86.ActiveCfg = Release|Win32
		{CFF88947-86AC-4693-8AC8-AC60201B0237}.Release|x86.Build.0 = Release|Win32
		{BE7D0705-730B-4224-B91D-D35ECAB4FD24}.Debug|x64.ActiveCfg = Debug|x64
		{BE7D0705-730B-4224-B91D-D35ECAB4FD24}.Debug|x64.Build.0 = Debug|x64
		{BE7D0705-730B-4224-B91D-D35ECAB4FD24}.Debug|x86.ActiveCfg = Debug|Win32
		{BE7D0705-730B-4224-B91D-D35ECAB4FD24}.Debug|x86.Build.0 = Debug|Win32
		{BE7D0705-730B-4224-B91D-D35ECAB4FD24}.Release|x64.ActiveCfg = Release|x64
		{BE7D0705-730B-4224-B91D-D35ECAB4FD24}.Release|x64.Build.0 = Release|x64
		{BE7D0705-730B-4224-B91D-D35ECAB4FD24}.Release|x86.ActiveCfg = Release|Win32
		{BE7D0705-730B-4224-B91D-D35ECAB4FD24}.Release|x86.Build.0 = Release|Win32
		{0933C884-10DE-4355-911B-FF49267B1EBD}.Debug|x64.ActiveCfg = Debug|x64
		{0933C884-10DE-4355-911B-FF49267B1EBD}.Debug|x64.Build.0 = Debug|x64
		{0933C884-10DE-4355-911B-FF49267B1EBD}.Debug|x86.ActiveCfg = Debug|Win32
		{0933C884-10DE-4355-911B-FF49267B1EBD}.Debug|x86.Build.0 = Debug|Win32
		{0933C884-10DE-4355-911B-FF49267B1EBD}.Release|x64.ActiveCfg = Release|x64
		{0933C884-10DE-4355-911B-FF49267B1EBD}.Release|x64.Build.0 = Release|x64
		{0933C884-10DE-4355-911B-FF49267B1EBD}.Release|x86.ActiveCfg = Release|Win32
		{0933C884-10DE-4355-911B-FF49267B1EBD}.Release|x86.Build.0 = Release|Win32
		{D8DFBB43-F413-4132-869E-28444418351B}.Debug|x64.ActiveCfg = Debug|x64
		{D8DFBB43-F413-4132-869E-28444418351B}.Debug|x64.Build.0 = Debug|x64
		{D8DFBB43-F413-4132-869E-28444418351B}.Debug|x86.ActiveCfg = Debug|Win32
		{D8DFBB43-F413-4132-869E-28444418351B}.Debug|x86.Build.0 = Debug|Win32
		{D8DFBB43-F413-4132-869E-28444418351B}.Release|x64.ActiveCfg = Release|x64
		{D8DFBB43-F413-4132-869E-28444418351B}.Release|x64.Build.0 = Release|x64
		{D8DFBB43-F413-4132-869E-28444418351B}.Release|x86.ActiveCfg = Release|Win32
		{D8DFBB43-F413-4132-869E-28444418351B}.Release|x86.Build.0 = Release|Win32
		{3BA1B7A7-FFFF-4B50-AFD4-F19A2A684208}.Debug|x64.ActiveCfg = Debug|x64
		{3BA1B7A7-FFFF-4B50-AFD4-F19A2A684208}.Debug|x64.Build.0 = Debug|x64
		{3BA1B7A7-FFFF-4B50-AFD4-F19A2A684208}.Debug|x86.ActiveCfg = Debug|Win32
		{3BA1B7A7-FFFF-4B50-AFD4-F19A2A684208}.Debug|x86.Build.0 = Debug|Win32
		{3BA1B7A7-FFFF-4B50-AFD4-F19A2A684208}.Release|x64.ActiveCfg = Release|x64
		{3BA1B7A7-FFFF-4B50-AFD4-F19A2A684208}.Release|x64.Build.0 = Release|x64
		{3BA1B7A7-FFFF-4B50-AFD4-F19A2A684208}.Release|x86.ActiveCfg = Release|Win32
		{3BA1B7A7-FFFF-4B50-AFD4-F19A2A684208}.Release|x86.Build.0 = Release|Win32
		{BDD751E0-5DFD-41D9-BC98-BE32DE77AA3D}.Debug|x64.ActiveCfg = Debug|x64
		{BDD751E0-5DFD-41D9-BC98-BE32DE77AA3D}.Debug|x64.Build.0 = Debug|x64
		{BDD751E0-5DFD-41D9-BC98-BE32DE77AA3D}.Debug|x86.ActiveCfg = Debug|Win32
		{BDD751E0-5DFD-41D9-BC98-BE32DE77AA3D}.Debug|x86.Build.0 = Debug|Win32
		{BDD751E0-5DFD-41D9-BC98-BE32DE77AA3D}.Release|x64.ActiveCfg = Release|x64
		{BDD751E0-5DFD-41D9-BC98-BE32DE77AA3D}.Release|x64.Build.0 = Release|x64
		{BDD751E0-5DFD-41D9-BC98-BE32DE77AA3D}.Release|x86.ActiveCfg = Release|Win32
		{BDD751E0-5DFD-41D9-BC98-BE32DE77AA3D}.Release|x86.Build.0 = Release|Win32
		{5455A151-12B1-4B29-B129-2BFA873D7A0C}.Debug|x64.ActiveCfg = Debug|x64
		{5455A151-12B1-4B29-B129-2BFA873D7A0C}.Debug|x64.Build.0 = Debug|x64
		{5455A151-12B1-4B29-B129-2BFA873D7A0C}.Debug|x86.ActiveCfg = Debug|Win32
		{5455A151-12B1-4B29-B129-2BFA873D7A0C}.Debug|x86.Build.0 = Debug|Win32
		{5455A151-12B1-4B29-B129-2BFA873D7A0C}.Release|x64.ActiveCfg = Release|x64
		{5455A151-12B1-4B29-B129-2BFA873D7A0C}.Release|x64.Build.0 = Release|x64
		{5455A151-12B1-4B29-B129-2BFA873D7A0C}.Release|x86.ActiveCfg = Release|Win32
		{5455A151-12B1-4B29-B129-2BFA873D7A0C}.Release|x86.Build.0 = Release|Win32
		{37AE22E4-CE7A-40EB-A904-95165F1F3B2F}.Debug|x64.ActiveCfg = Debug|x64
		{37AE22E4-CE7A-40EB-A904-95165F1F3B2F}.Debug|x64.Build.0 = Debug|x64
		{37AE22E4-CE7A-40EB-A904-95165F1F3B2F}.Debug|x86.ActiveCfg = Debug|Win32
		{37AE22E4-CE7A-40EB-A904-95165F1F3B2F}.Debug|x86.Build.0 = Debug|Win32
		{37AE22E4-CE7A-40EB-A904-95165F1F3B2F}.Release|x64.ActiveCfg = Release|x64
		{37AE22E4-CE7A-40EB-A904-95165F1F3B2F}.Release|x64.Build.0 = Release|x64
		{37AE22E4-CE7A-40EB-A904-95165F1F3B2F}.Release|x86.ActiveCfg = Release|Win32
		{37AE22E4-CE7A-40EB-A904-95165F1F3B2F}.Release|x86.Build.0 = Release|Win32
		{65ECE052-3D85-4B33-85D6-2D07942A2283}.Debug|x64.ActiveCfg = Debug|x64
		{65ECE052-3D85-4B33-85D6-2D07942A2283}.Debug|x64.Build.0 = Debug|x64
		{65ECE052-3D85-4B33-85D6-2D07942A2283}.Debug|x86.ActiveCfg = Debug|Win32
		{65ECE052-3D85-4B33-85D6-2D07942A2283}.Debug|x86.Build.0 = Debug|Win32
		{65ECE052-3D85-4B33-85D6-2D07942A2283}.Release|x64.ActiveCfg = Release|x64
		{65ECE052-3D85-4B33-85D6-2D07942A2283}.Release|x64.Build.0 = Release|x64
		{65ECE052-3D85-4B33-85D6-2D07942A2283}.Release|x86.ActiveCfg = Release|Win32
		{65ECE052-3D85-4B33-85D6-2D07942A2283}.Release|x86.Build.0 = Release|Win32
		{453234B3-5B79-4409-818D-25352FA16492}.Debug|x64.ActiveCfg = Debug|x64
		{453234B3-5B79-4409-818D-25352FA16492}.Debug|x64.Build.0 = Debug|x64
		{453234B3-5B79-4409-818D-25352FA16492}.Debug|x86.ActiveCfg = Debug|Win32
		{453234B3-5B79-4409-818D-25352FA16492}.Debug|x86.Build.0 = Debug|Win32
		{453234B3-5B79-4409-818D-25352FA16492}.Release|x64.ActiveCfg = Release|x64
		{453234B3-5B79-4409-818D-25352FA16492}.Release|x64.Build.0 = Release|x64
		{453234B3-5B79-4409-818D-25352FA16492}.Release|x86.ActiveCfg = Release|Win32
		{453234B3-5B79-4409-818D-25352FA16492}.Release|x86.Build.0 = Release|Win32
		{325FC1C3-AB54-4E3D-8D6E-B764CFD9A422}.Debug|x64.ActiveCfg = Debug|x64
		{325FC1C3-AB54-4E3D-8D6E-B764CFD9A422}.Debug|x64.Build.0 = Debug|x64
		{325FC1C3-AB54-4E3D-8D6E-B764CFD9A422}.Debug|x86.ActiveCfg = Debug|Win32
		{325FC1C3-AB54-4E3D-8D6E-B764CFD9A422}.Debug|x86.Build.0 = Debug|Win32
		{325FC1C3-AB54-4E3D-8D6E-B764CFD9A422}.Release|x64.ActiveCfg = Release|x64
		{325FC1C3-AB54-4E3D-8D6E-B764CFD9A422}.Release|x64.Build.0 = Release|x64
		{325FC1C3-AB54-4E3D-8D6E-B764CFD9A422}.Release|x86.ActiveCfg = Release|Win32
		{325FC1C3-AB54-4E3D-8D6E-B764CFD9A422}.Release|x86.Build.0 = Release|Win32
	EndGlobalSection
	GlobalSection(SolutionProperties) = preSolution
		HideSolutionNode = FALSE
	EndGlobalSection
EndGlobal
