
Microsoft Visual Studio Solution File, Format Version 12.00
# Visual Studio 15
VisualStudioVersion = 15.0.26430.14
MinimumVisualStudioVersion = 10.0.40219.1
Project("{8BC9CEB8-8B4A-11D0-8D11-00A0C91BC942}") = "exam1", "exam1\exam1.vcxproj", "{BB44AA11-C6BA-4C1B-9E64-B24C683301D8}"
EndProject
Project("{8BC9CEB8-8B4A-11D0-8D11-00A0C91BC942}") = "exam2", "exam2\exam2.vcxproj", "{1599091B-4FAF-4F83-9E4C-98E0FE786785}"
EndProject
Project("{8BC9CEB8-8B4A-11D0-8D11-00A0C91BC942}") = "exam3", "exam3\exam3.vcxproj", "{161B8327-610C-46B6-96D0-2A24D0DD438E}"
EndProject
Project("{8BC9CEB8-8B4A-11D0-8D11-00A0C91BC942}") = "exam4", "exam4\exam4.vcxproj", "{419A1D03-10CA-416E-BEB9-870DAC4D7869}"
EndProject
Project("{8BC9CEB8-8B4A-11D0-8D11-00A0C91BC942}") = "exam5", "exam5\exam5.vcxproj", "{13B8D887-4D2A-407D-A7F1-D5DCB66FFE43}"
EndProject
Project("{8BC9CEB8-8B4A-11D0-8D11-00A0C91BC942}") = "exam6", "exam6\exam6.vcxproj", "{73F69C65-92A6-4D62-ACA0-11AF54E70F2F}"
EndProject
Project("{8BC9CEB8-8B4A-11D0-8D11-00A0C91BC942}") = "exam7", "exam7\exam7.vcxproj", "{01C57787-ED25-48DB-B73E-8A1FF707D0FC}"
EndProject
Project("{8BC9CEB8-8B4A-11D0-8D11-00A0C91BC942}") = "exam8", "exam8\exam8.vcxproj", "{5B50E362-CBC3-48E7-86EF-9E0E586D70A5}"
EndProject
Project("{8BC9CEB8-8B4A-11D0-8D11-00A0C91BC942}") = "exam9", "exam9\exam9.vcxproj", "{D90DB2A2-6077-4855-917F-B481408D0034}"
EndProject
Project("{8BC9CEB8-8B4A-11D0-8D11-00A0C91BC942}") = "exam10", "exam10\exam10.vcxproj", "{81563D40-75E6-4A8F-ADC8-9D86738AE203}"
EndProject
Project("{8BC9CEB8-8B4A-11D0-8D11-00A0C91BC942}") = "exam11", "exam11\exam11.vcxproj", "{144A4A20-CB07-484D-B1C7-C1E5B7F3CA81}"
EndProject
Global
	GlobalSection(SolutionConfigurationPlatforms) = preSolution
		Debug|x64 = Debug|x64
		Debug|x86 = Debug|x86
		Release|x64 = Release|x64
		Release|x86 = Release|x86
	EndGlobalSection
	GlobalSection(ProjectConfigurationPlatforms) = postSolution
		{BB44AA11-C6BA-4C1B-9E64-B24C683301D8}.Debug|x64.ActiveCfg = Debug|x64
		{BB44AA11-C6BA-4C1B-9E64-B24C683301D8}.Debug|x64.Build.0 = Debug|x64
		{BB44AA11-C6BA-4C1B-9E64-B24C683301D8}.Debug|x86.ActiveCfg = Debug|Win32
		{BB44AA11-C6BA-4C1B-9E64-B24C683301D8}.Debug|x86.Build.0 = Debug|Win32
		{BB44AA11-C6BA-4C1B-9E64-B24C683301D8}.Release|x64.ActiveCfg = Release|x64
		{BB44AA11-C6BA-4C1B-9E64-B24C683301D8}.Release|x64.Build.0 = Release|x64
		{BB44AA11-C6BA-4C1B-9E64-B24C683301D8}.Release|x86.ActiveCfg = Release|Win32
		{BB44AA11-C6BA-4C1B-9E64-B24C683301D8}.Release|x86.Build.0 = Release|Win32
		{1599091B-4FAF-4F83-9E4C-98E0FE786785}.Debug|x64.ActiveCfg = Debug|x64
		{1599091B-4FAF-4F83-9E4C-98E0FE786785}.Debug|x64.Build.0 = Debug|x64
		{1599091B-4FAF-4F83-9E4C-98E0FE786785}.Debug|x86.ActiveCfg = Debug|Win32
		{1599091B-4FAF-4F83-9E4C-98E0FE786785}.Debug|x86.Build.0 = Debug|Win32
		{1599091B-4FAF-4F83-9E4C-98E0FE786785}.Release|x64.ActiveCfg = Release|x64
		{1599091B-4FAF-4F83-9E4C-98E0FE786785}.Release|x64.Build.0 = Release|x64
		{1599091B-4FAF-4F83-9E4C-98E0FE786785}.Release|x86.ActiveCfg = Release|Win32
		{1599091B-4FAF-4F83-9E4C-98E0FE786785}.Release|x86.Build.0 = Release|Win32
		{161B8327-610C-46B6-96D0-2A24D0DD438E}.Debug|x64.ActiveCfg = Debug|x64
		{161B8327-610C-46B6-96D0-2A24D0DD438E}.Debug|x64.Build.0 = Debug|x64
		{161B8327-610C-46B6-96D0-2A24D0DD438E}.Debug|x86.ActiveCfg = Debug|Win32
		{161B8327-610C-46B6-96D0-2A24D0DD438E}.Debug|x86.Build.0 = Debug|Win32
		{161B8327-610C-46B6-96D0-2A24D0DD438E}.Release|x64.ActiveCfg = Release|x64
		{161B8327-610C-46B6-96D0-2A24D0DD438E}.Release|x64.Build.0 = Release|x64
		{161B8327-610C-46B6-96D0-2A24D0DD438E}.Release|x86.ActiveCfg = Release|Win32
		{161B8327-610C-46B6-96D0-2A24D0DD438E}.Release|x86.Build.0 = Release|Win32
		{419A1D03-10CA-416E-BEB9-870DAC4D7869}.Debug|x64.ActiveCfg = Debug|x64
		{419A1D03-10CA-416E-BEB9-870DAC4D7869}.Debug|x64.Build.0 = Debug|x64
		{419A1D03-10CA-416E-BEB9-870DAC4D7869}.Debug|x86.ActiveCfg = Debug|Win32
		{419A1D03-10CA-416E-BEB9-870DAC4D7869}.Debug|x86.Build.0 = Debug|Win32
		{419A1D03-10CA-416E-BEB9-870DAC4D7869}.Release|x64.ActiveCfg = Release|x64
		{419A1D03-10CA-416E-BEB9-870DAC4D7869}.Release|x64.Build.0 = Release|x64
		{419A1D03-10CA-416E-BEB9-870DAC4D7869}.Release|x86.ActiveCfg = Release|Win32
		{419A1D03-10CA-416E-BEB9-870DAC4D7869}.Release|x86.Build.0 = Release|Win32
		{13B8D887-4D2A-407D-A7F1-D5DCB66FFE43}.Debug|x64.ActiveCfg = Debug|x64
		{13B8D887-4D2A-407D-A7F1-D5DCB66FFE43}.Debug|x64.Build.0 = Debug|x64
		{13B8D887-4D2A-407D-A7F1-D5DCB66FFE43}.Debug|x86.ActiveCfg = Debug|Win32
		{13B8D887-4D2A-407D-A7F1-D5DCB66FFE43}.Debug|x86.Build.0 = Debug|Win32
		{13B8D887-4D2A-407D-A7F1-D5DCB66FFE43}.Release|x64.ActiveCfg = Release|x64
		{13B8D887-4D2A-407D-A7F1-D5DCB66FFE43}.Release|x64.Build.0 = Release|x64
		{13B8D887-4D2A-407D-A7F1-D5DCB66FFE43}.Release|x86.ActiveCfg = Release|Win32
		{13B8D887-4D2A-407D-A7F1-D5DCB66FFE43}.Release|x86.Build.0 = Release|Win32
		{73F69C65-92A6-4D62-ACA0-11AF54E70F2F}.Debug|x64.ActiveCfg = Debug|x64
		{73F69C65-92A6-4D62-ACA0-11AF54E70F2F}.Debug|x64.Build.0 = Debug|x64
		{73F69C65-92A6-4D62-ACA0-11AF54E70F2F}.Debug|x86.ActiveCfg = Debug|Win32
		{73F69C65-92A6-4D62-ACA0-11AF54E70F2F}.Debug|x86.Build.0 = Debug|Win32
		{73F69C65-92A6-4D62-ACA0-11AF54E70F2F}.Release|x64.ActiveCfg = Release|x64
		{73F69C65-92A6-4D62-ACA0-11AF54E70F2F}.Release|x64.Build.0 = Release|x64
		{73F69C65-92A6-4D62-ACA0-11AF54E70F2F}.Release|x86.ActiveCfg = Release|Win32
		{73F69C65-92A6-4D62-ACA0-11AF54E70F2F}.Release|x86.Build.0 = Release|Win32
		{01C57787-ED25-48DB-B73E-8A1FF707D0FC}.Debug|x64.ActiveCfg = Debug|x64
		{01C57787-ED25-48DB-B73E-8A1FF707D0FC}.Debug|x64.Build.0 = Debug|x64
		{01C57787-ED25-48DB-B73E-8A1FF707D0FC}.Debug|x86.ActiveCfg = Debug|Win32
		{01C57787-ED25-48DB-B73E-8A1FF707D0FC}.Debug|x86.Build.0 = Debug|Win32
		{01C57787-ED25-48DB-B73E-8A1FF707D0FC}.Release|x64.ActiveCfg = Release|x64
		{01C57787-ED25-48DB-B73E-8A1FF707D0FC}.Release|x64.Build.0 = Release|x64
		{01C57787-ED25-48DB-B73E-8A1FF707D0FC}.Release|x86.ActiveCfg = Release|Win32
		{01C57787-ED25-48DB-B73E-8A1FF707D0FC}.Release|x86.Build.0 = Release|Win32
		{5B50E362-CBC3-48E7-86EF-9E0E586D70A5}.Debug|x64.ActiveCfg = Debug|x64
		{5B50E362-CBC3-48E7-86EF-9E0E586D70A5}.Debug|x64.Build.0 = Debug|x64
		{5B50E362-CBC3-48E7-86EF-9E0E586D70A5}.Debug|x86.ActiveCfg = Debug|Win32
		{5B50E362-CBC3-48E7-86EF-9E0E586D70A5}.Debug|x86.Build.0 = Debug|Win32
		{5B50E362-CBC3-48E7-86EF-9E0E586D70A5}.Release|x64.ActiveCfg = Release|x64
		{5B50E362-CBC3-48E7-86EF-9E0E586D70A5}.Release|x64.Build.0 = Release|x64
		{5B50E362-CBC3-48E7-86EF-9E0E586D70A5}.Release|x86.ActiveCfg = Release|Win32
		{5B50E362-CBC3-48E7-86EF-9E0E586D70A5}.Release|x86.Build.0 = Release|Win32
		{D90DB2A2-6077-4855-917F-B481408D0034}.Debug|x64.ActiveCfg = Debug|x64
		{D90DB2A2-6077-4855-917F-B481408D0034}.Debug|x64.Build.0 = Debug|x64
		{D90DB2A2-6077-4855-917F-B481408D0034}.Debug|x86.ActiveCfg = Debug|Win32
		{D90DB2A2-6077-4855-917F-B481408D0034}.Debug|x86.Build.0 = Debug|Win32
		{D90DB2A2-6077-4855-917F-B481408D0034}.Release|x64.ActiveCfg = Release|x64
		{D90DB2A2-6077-4855-917F-B481408D0034}.Release|x64.Build.0 = Release|x64
		{D90DB2A2-6077-4855-917F-B481408D0034}.Release|x86.ActiveCfg = Release|Win32
		{D90DB2A2-6077-4855-917F-B481408D0034}.Release|x86.Build.0 = Release|Win32
		{81563D40-75E6-4A8F-ADC8-9D86738AE203}.Debug|x64.ActiveCfg = Debug|x64
		{81563D40-75E6-4A8F-ADC8-9D86738AE203}.Debug|x64.Build.0 = Debug|x64
		{81563D40-75E6-4A8F-ADC8-9D86738AE203}.Debug|x86.ActiveCfg = Debug|Win32
		{81563D40-75E6-4A8F-ADC8-9D86738AE203}.Debug|x86.Build.0 = Debug|Win32
		{81563D40-75E6-4A8F-ADC8-9D86738AE203}.Release|x64.ActiveCfg = Release|x64
		{81563D40-75E6-4A8F-ADC8-9D86738AE203}.Release|x64.Build.0 = Release|x64
		{81563D40-75E6-4A8F-ADC8-9D86738AE203}.Release|x86.ActiveCfg = Release|Win32
		{81563D40-75E6-4A8F-ADC8-9D86738AE203}.Release|x86.Build.0 = Release|Win32
		{144A4A20-CB07-484D-B1C7-C1E5B7F3CA81}.Debug|x64.ActiveCfg = Debug|x64
		{144A4A20-CB07-484D-B1C7-C1E5B7F3CA81}.Debug|x64.Build.0 = Debug|x64
		{144A4A20-CB07-484D-B1C7-C1E5B7F3CA81}.Debug|x86.ActiveCfg = Debug|Win32
		{144A4A20-CB07-484D-B1C7-C1E5B7F3CA81}.Debug|x86.Build.0 = Debug|Win32
		{144A4A20-CB07-484D-B1C7-C1E5B7F3CA81}.Release|x64.ActiveCfg = Release|x64
		{144A4A20-CB07-484D-B1C7-C1E5B7F3CA81}.Release|x64.Build.0 = Release|x64
		{144A4A20-CB07-484D-B1C7-C1E5B7F3CA81}.Release|x86.ActiveCfg = Release|Win32
		{144A4A20-CB07-484D-B1C7-C1E5B7F3CA81}.Release|x86.Build.0 = Release|Win32
	EndGlobalSection
	GlobalSection(SolutionProperties) = preSolution
		HideSolutionNode = FALSE
	EndGlobalSection
EndGlobal
